// !$*UTF8*$!
{
	archiveVersion = 1;
	classes = {
	};
	objectVersion = 46;
	objects = {

/* Begin PBXBuildFile section */
		29108A651F72060100A75DCE /* BaseStatusesViewCell.swift in Sources */ = {isa = PBXBuildFile; fileRef = 29108A641F72060100A75DCE /* BaseStatusesViewCell.swift */; };
		29108A681F72097A00A75DCE /* SwipeTableView.swift in Sources */ = {isa = PBXBuildFile; fileRef = 29108A671F72097A00A75DCE /* SwipeTableView.swift */; };
		29108A6A1F721B6B00A75DCE /* SwipeTableHeaderView.swift in Sources */ = {isa = PBXBuildFile; fileRef = 29108A691F721B6B00A75DCE /* SwipeTableHeaderView.swift */; };
		29108A6C1F72617200A75DCE /* STCollectionView.swift in Sources */ = {isa = PBXBuildFile; fileRef = 29108A6B1F72617200A75DCE /* STCollectionView.swift */; };
		2921541A1F789BB900D80A8E /* WebViewController.swift in Sources */ = {isa = PBXBuildFile; fileRef = 292154191F789BB900D80A8E /* WebViewController.swift */; };
		2921541D1F78ADC400D80A8E /* TableViewModel.swift in Sources */ = {isa = PBXBuildFile; fileRef = 2921541C1F78ADC400D80A8E /* TableViewModel.swift */; };
		2921541F1F78AFA300D80A8E /* CollectionViewModel.swift in Sources */ = {isa = PBXBuildFile; fileRef = 2921541E1F78AFA300D80A8E /* CollectionViewModel.swift */; };
		292154211F78AFE700D80A8E /* BaseViewModel.swift in Sources */ = {isa = PBXBuildFile; fileRef = 292154201F78AFE700D80A8E /* BaseViewModel.swift */; };
		292154231F78B01500D80A8E /* ViewControllerType.swift in Sources */ = {isa = PBXBuildFile; fileRef = 292154221F78B01500D80A8E /* ViewControllerType.swift */; };
		292154321F7A054800D80A8E /* MixKit.framework in Frameworks */ = {isa = PBXBuildFile; fileRef = 292154291F7A054700D80A8E /* MixKit.framework */; };
		292154391F7A054800D80A8E /* MixKitTests.swift in Sources */ = {isa = PBXBuildFile; fileRef = 292154381F7A054800D80A8E /* MixKitTests.swift */; };
		2921543B1F7A054800D80A8E /* MixKit.h in Headers */ = {isa = PBXBuildFile; fileRef = 2921542B1F7A054800D80A8E /* MixKit.h */; settings = {ATTRIBUTES = (Public, ); }; };
		2921543E1F7A054800D80A8E /* MixKit.framework in Frameworks */ = {isa = PBXBuildFile; fileRef = 292154291F7A054700D80A8E /* MixKit.framework */; };
		2921543F1F7A054800D80A8E /* MixKit.framework in Embed Frameworks */ = {isa = PBXBuildFile; fileRef = 292154291F7A054700D80A8E /* MixKit.framework */; settings = {ATTRIBUTES = (CodeSignOnCopy, RemoveHeadersOnCopy, ); }; };
		29229B471F569D40007059A5 /* AppDelegate.swift in Sources */ = {isa = PBXBuildFile; fileRef = 29CB03A91F569C4D00CF33FF /* AppDelegate.swift */; };
		29229B4A1F569D40007059A5 /* LaunchScreen.storyboard in Resources */ = {isa = PBXBuildFile; fileRef = 29CB03B21F569C4D00CF33FF /* LaunchScreen.storyboard */; };
		29229B4B1F569D40007059A5 /* Assets.xcassets in Resources */ = {isa = PBXBuildFile; fileRef = 29CB03B01F569C4D00CF33FF /* Assets.xcassets */; };
		29229B591F569D90007059A5 /* ShareViewController.swift in Sources */ = {isa = PBXBuildFile; fileRef = 29229B581F569D90007059A5 /* ShareViewController.swift */; };
		29229B5C1F569D90007059A5 /* MainInterface.storyboard in Resources */ = {isa = PBXBuildFile; fileRef = 29229B5A1F569D90007059A5 /* MainInterface.storyboard */; };
		29229B601F569D90007059A5 /* MixShare.appex in Embed App Extensions */ = {isa = PBXBuildFile; fileRef = 29229B561F569D90007059A5 /* MixShare.appex */; settings = {ATTRIBUTES = (RemoveHeadersOnCopy, ); }; };
		29229B6C1F569D9D007059A5 /* MixTests.swift in Sources */ = {isa = PBXBuildFile; fileRef = 29229B6B1F569D9D007059A5 /* MixTests.swift */; };
		2933F3D71F58F2040088A33C /* FeatureViewController.swift in Sources */ = {isa = PBXBuildFile; fileRef = 2933F3D61F58F2040088A33C /* FeatureViewController.swift */; };
		2933F3D91F58F7660088A33C /* TabBarItemAnimateContentView.swift in Sources */ = {isa = PBXBuildFile; fileRef = 2933F3D81F58F7660088A33C /* TabBarItemAnimateContentView.swift */; };
		2933F3DE1F592F300088A33C /* SettingsViewController.swift in Sources */ = {isa = PBXBuildFile; fileRef = 2933F3DC1F592F300088A33C /* SettingsViewController.swift */; };
		2933F3E61F5937770088A33C /* Strings.swift in Sources */ = {isa = PBXBuildFile; fileRef = 2933F3E51F5937770088A33C /* Strings.swift */; };
		2933F3F01F595F440088A33C /* WeiboModels.swift in Sources */ = {isa = PBXBuildFile; fileRef = 2933F3EF1F595F440088A33C /* WeiboModels.swift */; };
		2933F3F91F5BFC400088A33C /* Foundation+Ranges.swift in Sources */ = {isa = PBXBuildFile; fileRef = 2933F3F21F5BFC400088A33C /* Foundation+Ranges.swift */; };
		2933F3FA1F5BFC400088A33C /* MatchResult.swift in Sources */ = {isa = PBXBuildFile; fileRef = 2933F3F31F5BFC400088A33C /* MatchResult.swift */; };
		2933F3FB1F5BFC400088A33C /* Memo.swift in Sources */ = {isa = PBXBuildFile; fileRef = 2933F3F41F5BFC400088A33C /* Memo.swift */; };
		2933F3FC1F5BFC400088A33C /* Options.swift in Sources */ = {isa = PBXBuildFile; fileRef = 2933F3F51F5BFC400088A33C /* Options.swift */; };
		2933F3FD1F5BFC400088A33C /* Regex.swift in Sources */ = {isa = PBXBuildFile; fileRef = 2933F3F61F5BFC400088A33C /* Regex.swift */; };
		2933F3FE1F5BFC400088A33C /* String+ReplaceMatching.swift in Sources */ = {isa = PBXBuildFile; fileRef = 2933F3F71F5BFC400088A33C /* String+ReplaceMatching.swift */; };
		2933F3FF1F5BFC400088A33C /* ThreadLocal.swift in Sources */ = {isa = PBXBuildFile; fileRef = 2933F3F81F5BFC400088A33C /* ThreadLocal.swift */; };
		2947EF421F60E8B70077652C /* Date+Mix.swift in Sources */ = {isa = PBXBuildFile; fileRef = 2947EF411F60E8B70077652C /* Date+Mix.swift */; };
		2947EF441F6108860077652C /* WeiboTextAttributedString.swift in Sources */ = {isa = PBXBuildFile; fileRef = 2947EF431F6108860077652C /* WeiboTextAttributedString.swift */; };
		29504C941F5D413400C61C28 /* emoticons.json in Resources */ = {isa = PBXBuildFile; fileRef = 29504C931F5D413400C61C28 /* emoticons.json */; };
		2951D1BE1F5FC3BE00D06EBA /* UICollectionview+Mix.swift in Sources */ = {isa = PBXBuildFile; fileRef = 2951D1BD1F5FC3BE00D06EBA /* UICollectionview+Mix.swift */; };
		2952BF901F5E7ED000A309E5 /* AttributedString+Theme.swift in Sources */ = {isa = PBXBuildFile; fileRef = 2952BF8F1F5E7ED000A309E5 /* AttributedString+Theme.swift */; };
		2952BF921F5E820100A309E5 /* UIFont+Mix.swift in Sources */ = {isa = PBXBuildFile; fileRef = 2952BF911F5E820100A309E5 /* UIFont+Mix.swift */; };
		2952BF941F5E8B0400A309E5 /* MixTheme.swift in Sources */ = {isa = PBXBuildFile; fileRef = 2952BF931F5E8B0400A309E5 /* MixTheme.swift */; };
		2952BF961F5EB13D00A309E5 /* MixServices.swift in Sources */ = {isa = PBXBuildFile; fileRef = 2952BF951F5EB13D00A309E5 /* MixServices.swift */; };
		2972CA861F6A533F00D05C9A /* Profile.storyboard in Resources */ = {isa = PBXBuildFile; fileRef = 2972CA881F6A533F00D05C9A /* Profile.storyboard */; };
		2972CA921F6A540600D05C9A /* Home.storyboard in Resources */ = {isa = PBXBuildFile; fileRef = 2972CA941F6A540600D05C9A /* Home.storyboard */; };
		2972CA9B1F6A542A00D05C9A /* Main.storyboard in Resources */ = {isa = PBXBuildFile; fileRef = 2972CA9D1F6A542A00D05C9A /* Main.storyboard */; };
		2972CAA41F6A546500D05C9A /* Discover.storyboard in Resources */ = {isa = PBXBuildFile; fileRef = 2972CAA61F6A546500D05C9A /* Discover.storyboard */; };
		2972CAAB1F6A547100D05C9A /* Contacts.storyboard in Resources */ = {isa = PBXBuildFile; fileRef = 2972CAAD1F6A547100D05C9A /* Contacts.storyboard */; };
		2983F7901F6665670081BC6C /* StatusPhotoView.swift in Sources */ = {isa = PBXBuildFile; fileRef = 2983F78F1F6665670081BC6C /* StatusPhotoView.swift */; };
		298ACA6B1F56A047005D2DAC /* HomeViewController.swift in Sources */ = {isa = PBXBuildFile; fileRef = 298ACA691F56A047005D2DAC /* HomeViewController.swift */; };
		298ACA6F1F56A062005D2DAC /* TabBarController.swift in Sources */ = {isa = PBXBuildFile; fileRef = 298ACA6E1F56A062005D2DAC /* TabBarController.swift */; };
		298ACA721F56A07C005D2DAC /* NavigationController.swift in Sources */ = {isa = PBXBuildFile; fileRef = 298ACA711F56A07C005D2DAC /* NavigationController.swift */; };
		298ACA781F56A0D7005D2DAC /* InfoPlist.strings in Resources */ = {isa = PBXBuildFile; fileRef = 298ACA7A1F56A0D7005D2DAC /* InfoPlist.strings */; };
		298ACA7C1F56A0FB005D2DAC /* Localizable.strings in Resources */ = {isa = PBXBuildFile; fileRef = 298ACA7E1F56A0FB005D2DAC /* Localizable.strings */; };
		298ACA831F56A15D005D2DAC /* ProfileViewController.swift in Sources */ = {isa = PBXBuildFile; fileRef = 298ACA811F56A15D005D2DAC /* ProfileViewController.swift */; };
		298ACA871F56A16E005D2DAC /* DiscoverViewController.swift in Sources */ = {isa = PBXBuildFile; fileRef = 298ACA861F56A16E005D2DAC /* DiscoverViewController.swift */; };
		298ACA8A1F56A1AA005D2DAC /* ContactsViewController.swift in Sources */ = {isa = PBXBuildFile; fileRef = 298ACA891F56A1AA005D2DAC /* ContactsViewController.swift */; };
		298ACA921F56C73D005D2DAC /* UITableView+Mix.swift in Sources */ = {isa = PBXBuildFile; fileRef = 298ACA911F56C73D005D2DAC /* UITableView+Mix.swift */; };
		298ACA9B1F56C831005D2DAC /* Config.swift in Sources */ = {isa = PBXBuildFile; fileRef = 298ACA971F56C831005D2DAC /* Config.swift */; };
		298ACA9D1F56C831005D2DAC /* SafeDispatch.swift in Sources */ = {isa = PBXBuildFile; fileRef = 298ACA991F56C831005D2DAC /* SafeDispatch.swift */; };
		298ACA9E1F56C831005D2DAC /* WeiboProvider.swift in Sources */ = {isa = PBXBuildFile; fileRef = 298ACA9A1F56C831005D2DAC /* WeiboProvider.swift */; };
		298ACAA61F57A308005D2DAC /* TabBar.swift in Sources */ = {isa = PBXBuildFile; fileRef = 298ACAA01F57A308005D2DAC /* TabBar.swift */; };
		298ACAA71F57A308005D2DAC /* TabBarItem.swift in Sources */ = {isa = PBXBuildFile; fileRef = 298ACAA11F57A308005D2DAC /* TabBarItem.swift */; };
		298ACAA81F57A308005D2DAC /* TabBarItemBadgeView.swift in Sources */ = {isa = PBXBuildFile; fileRef = 298ACAA21F57A308005D2DAC /* TabBarItemBadgeView.swift */; };
		298ACAA91F57A308005D2DAC /* TabBarItemContainer.swift in Sources */ = {isa = PBXBuildFile; fileRef = 298ACAA31F57A308005D2DAC /* TabBarItemContainer.swift */; };
		298ACAAA1F57A308005D2DAC /* TabBarItemContentView.swift in Sources */ = {isa = PBXBuildFile; fileRef = 298ACAA41F57A308005D2DAC /* TabBarItemContentView.swift */; };
		298ACAAE1F57AC37005D2DAC /* PlusViewController.swift in Sources */ = {isa = PBXBuildFile; fileRef = 298ACAAD1F57AC37005D2DAC /* PlusViewController.swift */; };
		298ACAB01F57ADFA005D2DAC /* Images.xcassets in Resources */ = {isa = PBXBuildFile; fileRef = 298ACAAF1F57ADFA005D2DAC /* Images.xcassets */; };
		298ACAB21F57B296005D2DAC /* TabBarItemPlusContentView.swift in Sources */ = {isa = PBXBuildFile; fileRef = 298ACAB11F57B295005D2DAC /* TabBarItemPlusContentView.swift */; };
		298ACAB41F57B328005D2DAC /* TabBarItemMoreContentView.swift in Sources */ = {isa = PBXBuildFile; fileRef = 298ACAB31F57B328005D2DAC /* TabBarItemMoreContentView.swift */; };
		298ACAB71F57D681005D2DAC /* WelcomeViewController.swift in Sources */ = {isa = PBXBuildFile; fileRef = 298ACAB61F57D681005D2DAC /* WelcomeViewController.swift */; };
		298B55D61F712021006C8DAA /* StatusesViewController.swift in Sources */ = {isa = PBXBuildFile; fileRef = 298B55D51F712021006C8DAA /* StatusesViewController.swift */; };
		298B55D81F712069006C8DAA /* CommentsViewController.swift in Sources */ = {isa = PBXBuildFile; fileRef = 298B55D71F712069006C8DAA /* CommentsViewController.swift */; };
		298B55DA1F712150006C8DAA /* BaseStatusesViewController.swift in Sources */ = {isa = PBXBuildFile; fileRef = 298B55D91F712150006C8DAA /* BaseStatusesViewController.swift */; };
		299906B81F75108E00D15B83 /* ViewModelType.swift in Sources */ = {isa = PBXBuildFile; fileRef = 299906B71F75108E00D15B83 /* ViewModelType.swift */; };
		29A271771F6A7EB7003D8C1E /* UIScreen+Mix.swift in Sources */ = {isa = PBXBuildFile; fileRef = 29A271761F6A7EB7003D8C1E /* UIScreen+Mix.swift */; };
		29A271791F6A85B0003D8C1E /* CollectionViewController.swift in Sources */ = {isa = PBXBuildFile; fileRef = 29A271781F6A85AF003D8C1E /* CollectionViewController.swift */; };
		29A2717B1F6A85DA003D8C1E /* TableViewController.swift in Sources */ = {isa = PBXBuildFile; fileRef = 29A2717A1F6A85DA003D8C1E /* TableViewController.swift */; };
		29AB19E31F62A3E7008E503C /* RealmSwift+Mix.swift in Sources */ = {isa = PBXBuildFile; fileRef = 29AB19E21F62A3E7008E503C /* RealmSwift+Mix.swift */; };
		29B5F7E91F68E3E800BDE23D /* StatusTextLabel.swift in Sources */ = {isa = PBXBuildFile; fileRef = 29B5F7E81F68E3E800BDE23D /* StatusTextLabel.swift */; };
		29B5F7EE1F69076400BDE23D /* UIStoryBoard+Mix.swift in Sources */ = {isa = PBXBuildFile; fileRef = 29B5F7ED1F69076400BDE23D /* UIStoryBoard+Mix.swift */; };
		29B5F7F71F691C2C00BDE23D /* BaseViewController.swift in Sources */ = {isa = PBXBuildFile; fileRef = 29B5F7F61F691C2C00BDE23D /* BaseViewController.swift */; };
		29B5F7F91F691F7900BDE23D /* AccountViewController.swift in Sources */ = {isa = PBXBuildFile; fileRef = 29B5F7F81F691F7900BDE23D /* AccountViewController.swift */; };
		29B5F7FC1F69209800BDE23D /* AccountTableViewCell.swift in Sources */ = {isa = PBXBuildFile; fileRef = 29B5F7FB1F69209800BDE23D /* AccountTableViewCell.swift */; };
		29BDFFE61F70BFF400D4CBA8 /* Label.swift in Sources */ = {isa = PBXBuildFile; fileRef = 29BDFFE51F70BFF400D4CBA8 /* Label.swift */; };
		29F77B131F6BBA1300C59674 /* CALayer+MixTheme.swift in Sources */ = {isa = PBXBuildFile; fileRef = 29F77B121F6BBA1300C59674 /* CALayer+MixTheme.swift */; };
		A97AE6D2ADC2E77254660ED5 /* Pods_MixTests.framework in Frameworks */ = {isa = PBXBuildFile; fileRef = 2DC167CEEB21AF4C1EF6FFB0 /* Pods_MixTests.framework */; };
		CF2A06191F5A6607000E4E8B /* StatusCell.swift in Sources */ = {isa = PBXBuildFile; fileRef = CF2A06181F5A6607000E4E8B /* StatusCell.swift */; };
		CF60C2841F56ED7F004CCD5B /* Reusable.swift in Sources */ = {isa = PBXBuildFile; fileRef = CF60C2821F56ED7F004CCD5B /* Reusable.swift */; };
		CF6F25A71F5844D700329CE7 /* Bundle+Mix.swift in Sources */ = {isa = PBXBuildFile; fileRef = CF6F25A61F5844D700329CE7 /* Bundle+Mix.swift */; };
		CFB2EF1E1F6D3DC1007100A1 /* WeiboStatusLayout.swift in Sources */ = {isa = PBXBuildFile; fileRef = CFB2EF1D1F6D3DC1007100A1 /* WeiboStatusLayout.swift */; };
		E60F4A22F99DD2ED0009FCE2 /* Pods_Mix.framework in Frameworks */ = {isa = PBXBuildFile; fileRef = 378631AE83468B87D5A1F235 /* Pods_Mix.framework */; };
		FC917C91E993BC1F5BADF5C4 /* Pods_MixShare.framework in Frameworks */ = {isa = PBXBuildFile; fileRef = F2A1E6D8B4F3028EC9B5A4F1 /* Pods_MixShare.framework */; };
/* End PBXBuildFile section */

/* Begin PBXContainerItemProxy section */
		292154331F7A054800D80A8E /* PBXContainerItemProxy */ = {
			isa = PBXContainerItemProxy;
			containerPortal = 29CB039E1F569C4D00CF33FF /* Project object */;
			proxyType = 1;
			remoteGlobalIDString = 292154281F7A054700D80A8E;
			remoteInfo = MixKit;
		};
		292154351F7A054800D80A8E /* PBXContainerItemProxy */ = {
			isa = PBXContainerItemProxy;
			containerPortal = 29CB039E1F569C4D00CF33FF /* Project object */;
			proxyType = 1;
			remoteGlobalIDString = 29229B441F569D40007059A5;
			remoteInfo = Mix;
		};
		2921543C1F7A054800D80A8E /* PBXContainerItemProxy */ = {
			isa = PBXContainerItemProxy;
			containerPortal = 29CB039E1F569C4D00CF33FF /* Project object */;
			proxyType = 1;
			remoteGlobalIDString = 292154281F7A054700D80A8E;
			remoteInfo = MixKit;
		};
		29229B5E1F569D90007059A5 /* PBXContainerItemProxy */ = {
			isa = PBXContainerItemProxy;
			containerPortal = 29CB039E1F569C4D00CF33FF /* Project object */;
			proxyType = 1;
			remoteGlobalIDString = 29229B551F569D90007059A5;
			remoteInfo = MixShare;
		};
		29229B6E1F569D9E007059A5 /* PBXContainerItemProxy */ = {
			isa = PBXContainerItemProxy;
			containerPortal = 29CB039E1F569C4D00CF33FF /* Project object */;
			proxyType = 1;
			remoteGlobalIDString = 29229B441F569D40007059A5;
			remoteInfo = Mix;
		};
/* End PBXContainerItemProxy section */

/* Begin PBXCopyFilesBuildPhase section */
		292154451F7A054800D80A8E /* Embed Frameworks */ = {
			isa = PBXCopyFilesBuildPhase;
			buildActionMask = 2147483647;
			dstPath = "";
			dstSubfolderSpec = 10;
			files = (
				2921543F1F7A054800D80A8E /* MixKit.framework in Embed Frameworks */,
			);
			name = "Embed Frameworks";
			runOnlyForDeploymentPostprocessing = 0;
		};
		29229B641F569D90007059A5 /* Embed App Extensions */ = {
			isa = PBXCopyFilesBuildPhase;
			buildActionMask = 2147483647;
			dstPath = "";
			dstSubfolderSpec = 13;
			files = (
				29229B601F569D90007059A5 /* MixShare.appex in Embed App Extensions */,
			);
			name = "Embed App Extensions";
			runOnlyForDeploymentPostprocessing = 0;
		};
/* End PBXCopyFilesBuildPhase section */

/* Begin PBXFileReference section */
		15AB0816F764CD8089C100EA /* Pods-MixShare.release.xcconfig */ = {isa = PBXFileReference; includeInIndex = 1; lastKnownFileType = text.xcconfig; name = "Pods-MixShare.release.xcconfig"; path = "Pods/Target Support Files/Pods-MixShare/Pods-MixShare.release.xcconfig"; sourceTree = "<group>"; };
		29108A641F72060100A75DCE /* BaseStatusesViewCell.swift */ = {isa = PBXFileReference; lastKnownFileType = sourcecode.swift; path = BaseStatusesViewCell.swift; sourceTree = "<group>"; };
		29108A671F72097A00A75DCE /* SwipeTableView.swift */ = {isa = PBXFileReference; lastKnownFileType = sourcecode.swift; path = SwipeTableView.swift; sourceTree = "<group>"; };
		29108A691F721B6B00A75DCE /* SwipeTableHeaderView.swift */ = {isa = PBXFileReference; lastKnownFileType = sourcecode.swift; path = SwipeTableHeaderView.swift; sourceTree = "<group>"; };
		29108A6B1F72617200A75DCE /* STCollectionView.swift */ = {isa = PBXFileReference; lastKnownFileType = sourcecode.swift; path = STCollectionView.swift; sourceTree = "<group>"; };
		292154191F789BB900D80A8E /* WebViewController.swift */ = {isa = PBXFileReference; lastKnownFileType = sourcecode.swift; path = WebViewController.swift; sourceTree = "<group>"; };
		2921541C1F78ADC400D80A8E /* TableViewModel.swift */ = {isa = PBXFileReference; lastKnownFileType = sourcecode.swift; path = TableViewModel.swift; sourceTree = "<group>"; };
		2921541E1F78AFA300D80A8E /* CollectionViewModel.swift */ = {isa = PBXFileReference; lastKnownFileType = sourcecode.swift; path = CollectionViewModel.swift; sourceTree = "<group>"; };
		292154201F78AFE700D80A8E /* BaseViewModel.swift */ = {isa = PBXFileReference; lastKnownFileType = sourcecode.swift; path = BaseViewModel.swift; sourceTree = "<group>"; };
		292154221F78B01500D80A8E /* ViewControllerType.swift */ = {isa = PBXFileReference; lastKnownFileType = sourcecode.swift; path = ViewControllerType.swift; sourceTree = "<group>"; };
		292154291F7A054700D80A8E /* MixKit.framework */ = {isa = PBXFileReference; explicitFileType = wrapper.framework; includeInIndex = 0; path = MixKit.framework; sourceTree = BUILT_PRODUCTS_DIR; };
		2921542B1F7A054800D80A8E /* MixKit.h */ = {isa = PBXFileReference; lastKnownFileType = sourcecode.c.h; path = MixKit.h; sourceTree = "<group>"; };
		2921542C1F7A054800D80A8E /* Info.plist */ = {isa = PBXFileReference; lastKnownFileType = text.plist.xml; path = Info.plist; sourceTree = "<group>"; };
		292154311F7A054800D80A8E /* MixKitTests.xctest */ = {isa = PBXFileReference; explicitFileType = wrapper.cfbundle; includeInIndex = 0; path = MixKitTests.xctest; sourceTree = BUILT_PRODUCTS_DIR; };
		292154381F7A054800D80A8E /* MixKitTests.swift */ = {isa = PBXFileReference; lastKnownFileType = sourcecode.swift; path = MixKitTests.swift; sourceTree = "<group>"; };
		2921543A1F7A054800D80A8E /* Info.plist */ = {isa = PBXFileReference; lastKnownFileType = text.plist.xml; path = Info.plist; sourceTree = "<group>"; };
		29229B501F569D40007059A5 /* Mix.app */ = {isa = PBXFileReference; explicitFileType = wrapper.application; includeInIndex = 0; path = Mix.app; sourceTree = BUILT_PRODUCTS_DIR; };
		29229B561F569D90007059A5 /* MixShare.appex */ = {isa = PBXFileReference; explicitFileType = "wrapper.app-extension"; includeInIndex = 0; path = MixShare.appex; sourceTree = BUILT_PRODUCTS_DIR; };
		29229B581F569D90007059A5 /* ShareViewController.swift */ = {isa = PBXFileReference; lastKnownFileType = sourcecode.swift; path = ShareViewController.swift; sourceTree = "<group>"; };
		29229B5B1F569D90007059A5 /* Base */ = {isa = PBXFileReference; lastKnownFileType = file.storyboard; name = Base; path = Base.lproj/MainInterface.storyboard; sourceTree = "<group>"; };
		29229B5D1F569D90007059A5 /* Info.plist */ = {isa = PBXFileReference; lastKnownFileType = text.plist.xml; path = Info.plist; sourceTree = "<group>"; };
		29229B691F569D9D007059A5 /* MixTests.xctest */ = {isa = PBXFileReference; explicitFileType = wrapper.cfbundle; includeInIndex = 0; path = MixTests.xctest; sourceTree = BUILT_PRODUCTS_DIR; };
		29229B6B1F569D9D007059A5 /* MixTests.swift */ = {isa = PBXFileReference; lastKnownFileType = sourcecode.swift; path = MixTests.swift; sourceTree = "<group>"; };
		29229B6D1F569D9E007059A5 /* Info.plist */ = {isa = PBXFileReference; lastKnownFileType = text.plist.xml; path = Info.plist; sourceTree = "<group>"; };
		2933F3D61F58F2040088A33C /* FeatureViewController.swift */ = {isa = PBXFileReference; fileEncoding = 4; lastKnownFileType = sourcecode.swift; path = FeatureViewController.swift; sourceTree = "<group>"; };
		2933F3D81F58F7660088A33C /* TabBarItemAnimateContentView.swift */ = {isa = PBXFileReference; fileEncoding = 4; lastKnownFileType = sourcecode.swift; path = TabBarItemAnimateContentView.swift; sourceTree = "<group>"; };
		2933F3DC1F592F300088A33C /* SettingsViewController.swift */ = {isa = PBXFileReference; fileEncoding = 4; lastKnownFileType = sourcecode.swift; path = SettingsViewController.swift; sourceTree = "<group>"; };
		2933F3E51F5937770088A33C /* Strings.swift */ = {isa = PBXFileReference; fileEncoding = 4; lastKnownFileType = sourcecode.swift; path = Strings.swift; sourceTree = "<group>"; };
		2933F3EF1F595F440088A33C /* WeiboModels.swift */ = {isa = PBXFileReference; fileEncoding = 4; lastKnownFileType = sourcecode.swift; path = WeiboModels.swift; sourceTree = "<group>"; };
		2933F3F21F5BFC400088A33C /* Foundation+Ranges.swift */ = {isa = PBXFileReference; fileEncoding = 4; lastKnownFileType = sourcecode.swift; path = "Foundation+Ranges.swift"; sourceTree = "<group>"; };
		2933F3F31F5BFC400088A33C /* MatchResult.swift */ = {isa = PBXFileReference; fileEncoding = 4; lastKnownFileType = sourcecode.swift; path = MatchResult.swift; sourceTree = "<group>"; };
		2933F3F41F5BFC400088A33C /* Memo.swift */ = {isa = PBXFileReference; fileEncoding = 4; lastKnownFileType = sourcecode.swift; path = Memo.swift; sourceTree = "<group>"; };
		2933F3F51F5BFC400088A33C /* Options.swift */ = {isa = PBXFileReference; fileEncoding = 4; lastKnownFileType = sourcecode.swift; path = Options.swift; sourceTree = "<group>"; };
		2933F3F61F5BFC400088A33C /* Regex.swift */ = {isa = PBXFileReference; fileEncoding = 4; lastKnownFileType = sourcecode.swift; path = Regex.swift; sourceTree = "<group>"; };
		2933F3F71F5BFC400088A33C /* String+ReplaceMatching.swift */ = {isa = PBXFileReference; fileEncoding = 4; lastKnownFileType = sourcecode.swift; path = "String+ReplaceMatching.swift"; sourceTree = "<group>"; };
		2933F3F81F5BFC400088A33C /* ThreadLocal.swift */ = {isa = PBXFileReference; fileEncoding = 4; lastKnownFileType = sourcecode.swift; path = ThreadLocal.swift; sourceTree = "<group>"; };
		2947EF411F60E8B70077652C /* Date+Mix.swift */ = {isa = PBXFileReference; fileEncoding = 4; lastKnownFileType = sourcecode.swift; path = "Date+Mix.swift"; sourceTree = "<group>"; };
		2947EF431F6108860077652C /* WeiboTextAttributedString.swift */ = {isa = PBXFileReference; fileEncoding = 4; lastKnownFileType = sourcecode.swift; path = WeiboTextAttributedString.swift; sourceTree = "<group>"; };
		29504C931F5D413400C61C28 /* emoticons.json */ = {isa = PBXFileReference; fileEncoding = 4; lastKnownFileType = text.json; path = emoticons.json; sourceTree = "<group>"; };
		2951D1BD1F5FC3BE00D06EBA /* UICollectionview+Mix.swift */ = {isa = PBXFileReference; fileEncoding = 4; lastKnownFileType = sourcecode.swift; path = "UICollectionview+Mix.swift"; sourceTree = "<group>"; };
		2952BF8F1F5E7ED000A309E5 /* AttributedString+Theme.swift */ = {isa = PBXFileReference; fileEncoding = 4; lastKnownFileType = sourcecode.swift; path = "AttributedString+Theme.swift"; sourceTree = "<group>"; };
		2952BF911F5E820100A309E5 /* UIFont+Mix.swift */ = {isa = PBXFileReference; fileEncoding = 4; lastKnownFileType = sourcecode.swift; path = "UIFont+Mix.swift"; sourceTree = "<group>"; };
		2952BF931F5E8B0400A309E5 /* MixTheme.swift */ = {isa = PBXFileReference; fileEncoding = 4; lastKnownFileType = sourcecode.swift; path = MixTheme.swift; sourceTree = "<group>"; };
		2952BF951F5EB13D00A309E5 /* MixServices.swift */ = {isa = PBXFileReference; fileEncoding = 4; lastKnownFileType = sourcecode.swift; path = MixServices.swift; sourceTree = "<group>"; };
		2972CA871F6A533F00D05C9A /* Base */ = {isa = PBXFileReference; lastKnownFileType = file.storyboard; name = Base; path = Base.lproj/Profile.storyboard; sourceTree = "<group>"; };
		2972CA931F6A540600D05C9A /* Base */ = {isa = PBXFileReference; lastKnownFileType = file.storyboard; name = Base; path = Base.lproj/Home.storyboard; sourceTree = "<group>"; };
		2972CA9C1F6A542A00D05C9A /* Base */ = {isa = PBXFileReference; lastKnownFileType = file.storyboard; name = Base; path = Base.lproj/Main.storyboard; sourceTree = "<group>"; };
		2972CAA51F6A546500D05C9A /* Base */ = {isa = PBXFileReference; lastKnownFileType = file.storyboard; name = Base; path = Base.lproj/Discover.storyboard; sourceTree = "<group>"; };
		2972CAAC1F6A547100D05C9A /* Base */ = {isa = PBXFileReference; lastKnownFileType = file.storyboard; name = Base; path = Base.lproj/Contacts.storyboard; sourceTree = "<group>"; };
		2972CAB31F6A54BA00D05C9A /* zh-Hans */ = {isa = PBXFileReference; lastKnownFileType = text.plist.strings; name = "zh-Hans"; path = "zh-Hans.lproj/MainInterface.storyboard"; sourceTree = "<group>"; };
		2983F78F1F6665670081BC6C /* StatusPhotoView.swift */ = {isa = PBXFileReference; fileEncoding = 4; lastKnownFileType = sourcecode.swift; path = StatusPhotoView.swift; sourceTree = "<group>"; };
		298ACA691F56A047005D2DAC /* HomeViewController.swift */ = {isa = PBXFileReference; fileEncoding = 4; lastKnownFileType = sourcecode.swift; path = HomeViewController.swift; sourceTree = "<group>"; };
		298ACA6E1F56A062005D2DAC /* TabBarController.swift */ = {isa = PBXFileReference; fileEncoding = 4; lastKnownFileType = sourcecode.swift; path = TabBarController.swift; sourceTree = "<group>"; };
		298ACA711F56A07C005D2DAC /* NavigationController.swift */ = {isa = PBXFileReference; fileEncoding = 4; lastKnownFileType = sourcecode.swift; path = NavigationController.swift; sourceTree = "<group>"; };
		298ACA731F56A0AE005D2DAC /* Mix-Bridging-Header.h */ = {isa = PBXFileReference; lastKnownFileType = sourcecode.c.h; path = "Mix-Bridging-Header.h"; sourceTree = "<group>"; };
		298ACA791F56A0D7005D2DAC /* Base */ = {isa = PBXFileReference; lastKnownFileType = text.plist.strings; name = Base; path = Base.lproj/InfoPlist.strings; sourceTree = "<group>"; };
		298ACA7B1F56A0F4005D2DAC /* zh-Hans */ = {isa = PBXFileReference; lastKnownFileType = text.plist.strings; name = "zh-Hans"; path = "zh-Hans.lproj/InfoPlist.strings"; sourceTree = "<group>"; };
		298ACA7D1F56A0FB005D2DAC /* zh-Hans */ = {isa = PBXFileReference; lastKnownFileType = text.plist.strings; name = "zh-Hans"; path = "zh-Hans.lproj/Localizable.strings"; sourceTree = "<group>"; };
		298ACA7F1F56A0FF005D2DAC /* Base */ = {isa = PBXFileReference; lastKnownFileType = text.plist.strings; name = Base; path = Base.lproj/Localizable.strings; sourceTree = "<group>"; };
		298ACA811F56A15D005D2DAC /* ProfileViewController.swift */ = {isa = PBXFileReference; fileEncoding = 4; lastKnownFileType = sourcecode.swift; path = ProfileViewController.swift; sourceTree = "<group>"; };
		298ACA861F56A16E005D2DAC /* DiscoverViewController.swift */ = {isa = PBXFileReference; fileEncoding = 4; lastKnownFileType = sourcecode.swift; path = DiscoverViewController.swift; sourceTree = "<group>"; };
		298ACA891F56A1AA005D2DAC /* ContactsViewController.swift */ = {isa = PBXFileReference; fileEncoding = 4; lastKnownFileType = sourcecode.swift; path = ContactsViewController.swift; sourceTree = "<group>"; };
		298ACA911F56C73D005D2DAC /* UITableView+Mix.swift */ = {isa = PBXFileReference; fileEncoding = 4; lastKnownFileType = sourcecode.swift; path = "UITableView+Mix.swift"; sourceTree = "<group>"; };
		298ACA971F56C831005D2DAC /* Config.swift */ = {isa = PBXFileReference; fileEncoding = 4; lastKnownFileType = sourcecode.swift; path = Config.swift; sourceTree = "<group>"; };
		298ACA991F56C831005D2DAC /* SafeDispatch.swift */ = {isa = PBXFileReference; fileEncoding = 4; lastKnownFileType = sourcecode.swift; path = SafeDispatch.swift; sourceTree = "<group>"; };
		298ACA9A1F56C831005D2DAC /* WeiboProvider.swift */ = {isa = PBXFileReference; fileEncoding = 4; lastKnownFileType = sourcecode.swift; path = WeiboProvider.swift; sourceTree = "<group>"; };
		298ACAA01F57A308005D2DAC /* TabBar.swift */ = {isa = PBXFileReference; fileEncoding = 4; lastKnownFileType = sourcecode.swift; path = TabBar.swift; sourceTree = "<group>"; };
		298ACAA11F57A308005D2DAC /* TabBarItem.swift */ = {isa = PBXFileReference; fileEncoding = 4; lastKnownFileType = sourcecode.swift; path = TabBarItem.swift; sourceTree = "<group>"; };
		298ACAA21F57A308005D2DAC /* TabBarItemBadgeView.swift */ = {isa = PBXFileReference; fileEncoding = 4; lastKnownFileType = sourcecode.swift; path = TabBarItemBadgeView.swift; sourceTree = "<group>"; };
		298ACAA31F57A308005D2DAC /* TabBarItemContainer.swift */ = {isa = PBXFileReference; fileEncoding = 4; lastKnownFileType = sourcecode.swift; path = TabBarItemContainer.swift; sourceTree = "<group>"; };
		298ACAA41F57A308005D2DAC /* TabBarItemContentView.swift */ = {isa = PBXFileReference; fileEncoding = 4; lastKnownFileType = sourcecode.swift; path = TabBarItemContentView.swift; sourceTree = "<group>"; };
		298ACAAD1F57AC37005D2DAC /* PlusViewController.swift */ = {isa = PBXFileReference; fileEncoding = 4; lastKnownFileType = sourcecode.swift; path = PlusViewController.swift; sourceTree = "<group>"; };
		298ACAAF1F57ADFA005D2DAC /* Images.xcassets */ = {isa = PBXFileReference; lastKnownFileType = folder.assetcatalog; path = Images.xcassets; sourceTree = "<group>"; };
		298ACAB11F57B295005D2DAC /* TabBarItemPlusContentView.swift */ = {isa = PBXFileReference; fileEncoding = 4; lastKnownFileType = sourcecode.swift; path = TabBarItemPlusContentView.swift; sourceTree = "<group>"; };
		298ACAB31F57B328005D2DAC /* TabBarItemMoreContentView.swift */ = {isa = PBXFileReference; fileEncoding = 4; lastKnownFileType = sourcecode.swift; path = TabBarItemMoreContentView.swift; sourceTree = "<group>"; };
		298ACAB61F57D681005D2DAC /* WelcomeViewController.swift */ = {isa = PBXFileReference; fileEncoding = 4; lastKnownFileType = sourcecode.swift; path = WelcomeViewController.swift; sourceTree = "<group>"; };
		298ACABC1F57F030005D2DAC /* Mix.entitlements */ = {isa = PBXFileReference; lastKnownFileType = text.plist.entitlements; path = Mix.entitlements; sourceTree = "<group>"; };
		298B55D41F7113E0006C8DAA /* zh-Hans */ = {isa = PBXFileReference; lastKnownFileType = text.plist.strings; name = "zh-Hans"; path = "zh-Hans.lproj/Profile.storyboard"; sourceTree = "<group>"; };
		298B55D51F712021006C8DAA /* StatusesViewController.swift */ = {isa = PBXFileReference; lastKnownFileType = sourcecode.swift; path = StatusesViewController.swift; sourceTree = "<group>"; };
		298B55D71F712069006C8DAA /* CommentsViewController.swift */ = {isa = PBXFileReference; lastKnownFileType = sourcecode.swift; path = CommentsViewController.swift; sourceTree = "<group>"; };
		298B55D91F712150006C8DAA /* BaseStatusesViewController.swift */ = {isa = PBXFileReference; lastKnownFileType = sourcecode.swift; path = BaseStatusesViewController.swift; sourceTree = "<group>"; };
		299906B71F75108E00D15B83 /* ViewModelType.swift */ = {isa = PBXFileReference; lastKnownFileType = sourcecode.swift; path = ViewModelType.swift; sourceTree = "<group>"; };
		29A271761F6A7EB7003D8C1E /* UIScreen+Mix.swift */ = {isa = PBXFileReference; lastKnownFileType = sourcecode.swift; path = "UIScreen+Mix.swift"; sourceTree = "<group>"; };
		29A271781F6A85AF003D8C1E /* CollectionViewController.swift */ = {isa = PBXFileReference; lastKnownFileType = sourcecode.swift; path = CollectionViewController.swift; sourceTree = "<group>"; };
		29A2717A1F6A85DA003D8C1E /* TableViewController.swift */ = {isa = PBXFileReference; lastKnownFileType = sourcecode.swift; path = TableViewController.swift; sourceTree = "<group>"; };
		29AB19E21F62A3E7008E503C /* RealmSwift+Mix.swift */ = {isa = PBXFileReference; fileEncoding = 4; lastKnownFileType = sourcecode.swift; path = "RealmSwift+Mix.swift"; sourceTree = "<group>"; };
		29B5F7E81F68E3E800BDE23D /* StatusTextLabel.swift */ = {isa = PBXFileReference; fileEncoding = 4; lastKnownFileType = sourcecode.swift; path = StatusTextLabel.swift; sourceTree = "<group>"; };
		29B5F7ED1F69076400BDE23D /* UIStoryBoard+Mix.swift */ = {isa = PBXFileReference; fileEncoding = 4; lastKnownFileType = sourcecode.swift; path = "UIStoryBoard+Mix.swift"; sourceTree = "<group>"; };
		29B5F7F61F691C2C00BDE23D /* BaseViewController.swift */ = {isa = PBXFileReference; fileEncoding = 4; lastKnownFileType = sourcecode.swift; path = BaseViewController.swift; sourceTree = "<group>"; };
		29B5F7F81F691F7900BDE23D /* AccountViewController.swift */ = {isa = PBXFileReference; fileEncoding = 4; lastKnownFileType = sourcecode.swift; path = AccountViewController.swift; sourceTree = "<group>"; };
		29B5F7FB1F69209800BDE23D /* AccountTableViewCell.swift */ = {isa = PBXFileReference; fileEncoding = 4; lastKnownFileType = sourcecode.swift; path = AccountTableViewCell.swift; sourceTree = "<group>"; };
		29BDFFE51F70BFF400D4CBA8 /* Label.swift */ = {isa = PBXFileReference; lastKnownFileType = sourcecode.swift; path = Label.swift; sourceTree = "<group>"; };
		29CB03A91F569C4D00CF33FF /* AppDelegate.swift */ = {isa = PBXFileReference; lastKnownFileType = sourcecode.swift; path = AppDelegate.swift; sourceTree = "<group>"; };
		29CB03B01F569C4D00CF33FF /* Assets.xcassets */ = {isa = PBXFileReference; lastKnownFileType = folder.assetcatalog; path = Assets.xcassets; sourceTree = "<group>"; };
		29CB03B31F569C4D00CF33FF /* Base */ = {isa = PBXFileReference; lastKnownFileType = file.storyboard; name = Base; path = Base.lproj/LaunchScreen.storyboard; sourceTree = "<group>"; };
		29CB03B51F569C4D00CF33FF /* Info.plist */ = {isa = PBXFileReference; lastKnownFileType = text.plist.xml; path = Info.plist; sourceTree = "<group>"; };
		29F77B121F6BBA1300C59674 /* CALayer+MixTheme.swift */ = {isa = PBXFileReference; lastKnownFileType = sourcecode.swift; path = "CALayer+MixTheme.swift"; sourceTree = "<group>"; };
		2B24E7A2901B54986ADA792B /* Pods-Mix.release.xcconfig */ = {isa = PBXFileReference; includeInIndex = 1; lastKnownFileType = text.xcconfig; name = "Pods-Mix.release.xcconfig"; path = "Pods/Target Support Files/Pods-Mix/Pods-Mix.release.xcconfig"; sourceTree = "<group>"; };
		2DC167CEEB21AF4C1EF6FFB0 /* Pods_MixTests.framework */ = {isa = PBXFileReference; explicitFileType = wrapper.framework; includeInIndex = 0; path = Pods_MixTests.framework; sourceTree = BUILT_PRODUCTS_DIR; };
		378631AE83468B87D5A1F235 /* Pods_Mix.framework */ = {isa = PBXFileReference; explicitFileType = wrapper.framework; includeInIndex = 0; path = Pods_Mix.framework; sourceTree = BUILT_PRODUCTS_DIR; };
		88D12AAA5A05464EC181D1A0 /* Pods-MixTests.release.xcconfig */ = {isa = PBXFileReference; includeInIndex = 1; lastKnownFileType = text.xcconfig; name = "Pods-MixTests.release.xcconfig"; path = "Pods/Target Support Files/Pods-MixTests/Pods-MixTests.release.xcconfig"; sourceTree = "<group>"; };
		B466D9BFADA227AFF1F9AACE /* Pods-Mix.debug.xcconfig */ = {isa = PBXFileReference; includeInIndex = 1; lastKnownFileType = text.xcconfig; name = "Pods-Mix.debug.xcconfig"; path = "Pods/Target Support Files/Pods-Mix/Pods-Mix.debug.xcconfig"; sourceTree = "<group>"; };
		B9A7E1F808238FC1FE96E5C9 /* Pods-MixShare.debug.xcconfig */ = {isa = PBXFileReference; includeInIndex = 1; lastKnownFileType = text.xcconfig; name = "Pods-MixShare.debug.xcconfig"; path = "Pods/Target Support Files/Pods-MixShare/Pods-MixShare.debug.xcconfig"; sourceTree = "<group>"; };
		CF2A06181F5A6607000E4E8B /* StatusCell.swift */ = {isa = PBXFileReference; fileEncoding = 4; lastKnownFileType = sourcecode.swift; path = StatusCell.swift; sourceTree = "<group>"; };
		CF60C2821F56ED7F004CCD5B /* Reusable.swift */ = {isa = PBXFileReference; fileEncoding = 4; lastKnownFileType = sourcecode.swift; path = Reusable.swift; sourceTree = "<group>"; };
		CF6F25A61F5844D700329CE7 /* Bundle+Mix.swift */ = {isa = PBXFileReference; fileEncoding = 4; lastKnownFileType = sourcecode.swift; path = "Bundle+Mix.swift"; sourceTree = "<group>"; };
		CFB2EF1D1F6D3DC1007100A1 /* WeiboStatusLayout.swift */ = {isa = PBXFileReference; lastKnownFileType = sourcecode.swift; path = WeiboStatusLayout.swift; sourceTree = "<group>"; };
		E5063885D84365985433CF9A /* Pods-MixTests.debug.xcconfig */ = {isa = PBXFileReference; includeInIndex = 1; lastKnownFileType = text.xcconfig; name = "Pods-MixTests.debug.xcconfig"; path = "Pods/Target Support Files/Pods-MixTests/Pods-MixTests.debug.xcconfig"; sourceTree = "<group>"; };
		F2A1E6D8B4F3028EC9B5A4F1 /* Pods_MixShare.framework */ = {isa = PBXFileReference; explicitFileType = wrapper.framework; includeInIndex = 0; path = Pods_MixShare.framework; sourceTree = BUILT_PRODUCTS_DIR; };
/* End PBXFileReference section */

/* Begin PBXFrameworksBuildPhase section */
		292154251F7A054700D80A8E /* Frameworks */ = {
			isa = PBXFrameworksBuildPhase;
			buildActionMask = 2147483647;
			files = (
			);
			runOnlyForDeploymentPostprocessing = 0;
		};
		2921542E1F7A054800D80A8E /* Frameworks */ = {
			isa = PBXFrameworksBuildPhase;
			buildActionMask = 2147483647;
			files = (
				292154321F7A054800D80A8E /* MixKit.framework in Frameworks */,
			);
			runOnlyForDeploymentPostprocessing = 0;
		};
		29229B481F569D40007059A5 /* Frameworks */ = {
			isa = PBXFrameworksBuildPhase;
			buildActionMask = 2147483647;
			files = (
				2921543E1F7A054800D80A8E /* MixKit.framework in Frameworks */,
				E60F4A22F99DD2ED0009FCE2 /* Pods_Mix.framework in Frameworks */,
			);
			runOnlyForDeploymentPostprocessing = 0;
		};
		29229B531F569D90007059A5 /* Frameworks */ = {
			isa = PBXFrameworksBuildPhase;
			buildActionMask = 2147483647;
			files = (
				FC917C91E993BC1F5BADF5C4 /* Pods_MixShare.framework in Frameworks */,
			);
			runOnlyForDeploymentPostprocessing = 0;
		};
		29229B661F569D9D007059A5 /* Frameworks */ = {
			isa = PBXFrameworksBuildPhase;
			buildActionMask = 2147483647;
			files = (
				A97AE6D2ADC2E77254660ED5 /* Pods_MixTests.framework in Frameworks */,
			);
			runOnlyForDeploymentPostprocessing = 0;
		};
/* End PBXFrameworksBuildPhase section */

/* Begin PBXGroup section */
		048B1B1332F6C0454C1D1707 /* Frameworks */ = {
			isa = PBXGroup;
			children = (
				378631AE83468B87D5A1F235 /* Pods_Mix.framework */,
				F2A1E6D8B4F3028EC9B5A4F1 /* Pods_MixShare.framework */,
				2DC167CEEB21AF4C1EF6FFB0 /* Pods_MixTests.framework */,
			);
			name = Frameworks;
			sourceTree = "<group>";
		};
		25F002201F7C50B637D36720 /* Pods */ = {
			isa = PBXGroup;
			children = (
				B466D9BFADA227AFF1F9AACE /* Pods-Mix.debug.xcconfig */,
				2B24E7A2901B54986ADA792B /* Pods-Mix.release.xcconfig */,
				B9A7E1F808238FC1FE96E5C9 /* Pods-MixShare.debug.xcconfig */,
				15AB0816F764CD8089C100EA /* Pods-MixShare.release.xcconfig */,
				E5063885D84365985433CF9A /* Pods-MixTests.debug.xcconfig */,
				88D12AAA5A05464EC181D1A0 /* Pods-MixTests.release.xcconfig */,
			);
			name = Pods;
			sourceTree = "<group>";
		};
		29108A661F72081200A75DCE /* SwipeTableView */ = {
			isa = PBXGroup;
			children = (
				29108A6B1F72617200A75DCE /* STCollectionView.swift */,
				29108A691F721B6B00A75DCE /* SwipeTableHeaderView.swift */,
				29108A671F72097A00A75DCE /* SwipeTableView.swift */,
			);
			path = SwipeTableView;
			sourceTree = "<group>";
		};
		2921541B1F78ADAB00D80A8E /* Base */ = {
			isa = PBXGroup;
			children = (
				292154201F78AFE700D80A8E /* BaseViewModel.swift */,
				2921541E1F78AFA300D80A8E /* CollectionViewModel.swift */,
				2921541C1F78ADC400D80A8E /* TableViewModel.swift */,
				299906B71F75108E00D15B83 /* ViewModelType.swift */,
			);
			path = Base;
			sourceTree = "<group>";
		};
		2921542A1F7A054800D80A8E /* MixKit */ = {
			isa = PBXGroup;
			children = (
				2921542B1F7A054800D80A8E /* MixKit.h */,
				2921542C1F7A054800D80A8E /* Info.plist */,
			);
			path = MixKit;
			sourceTree = "<group>";
		};
		292154371F7A054800D80A8E /* MixKitTests */ = {
			isa = PBXGroup;
			children = (
				292154381F7A054800D80A8E /* MixKitTests.swift */,
				2921543A1F7A054800D80A8E /* Info.plist */,
			);
			path = MixKitTests;
			sourceTree = "<group>";
		};
		29229B571F569D90007059A5 /* MixShare */ = {
			isa = PBXGroup;
			children = (
				29229B5D1F569D90007059A5 /* Info.plist */,
				29229B5A1F569D90007059A5 /* MainInterface.storyboard */,
				29229B581F569D90007059A5 /* ShareViewController.swift */,
			);
			path = MixShare;
			sourceTree = "<group>";
		};
		29229B6A1F569D9D007059A5 /* MixTests */ = {
			isa = PBXGroup;
			children = (
				29229B6D1F569D9E007059A5 /* Info.plist */,
				29229B6B1F569D9D007059A5 /* MixTests.swift */,
			);
			path = MixTests;
			sourceTree = "<group>";
		};
		2933F3D51F58F1900088A33C /* Feature */ = {
			isa = PBXGroup;
			children = (
				2933F3D61F58F2040088A33C /* FeatureViewController.swift */,
			);
			path = Feature;
			sourceTree = "<group>";
		};
		2933F3E41F5937610088A33C /* Shared */ = {
			isa = PBXGroup;
			children = (
				2933F3E51F5937770088A33C /* Strings.swift */,
			);
			path = Shared;
			sourceTree = "<group>";
		};
		2933F3F11F5BFC2E0088A33C /* Regex */ = {
			isa = PBXGroup;
			children = (
				2933F3F21F5BFC400088A33C /* Foundation+Ranges.swift */,
				2933F3F31F5BFC400088A33C /* MatchResult.swift */,
				2933F3F41F5BFC400088A33C /* Memo.swift */,
				2933F3F51F5BFC400088A33C /* Options.swift */,
				2933F3F61F5BFC400088A33C /* Regex.swift */,
				2933F3F71F5BFC400088A33C /* String+ReplaceMatching.swift */,
				2933F3F81F5BFC400088A33C /* ThreadLocal.swift */,
			);
			path = Regex;
			sourceTree = "<group>";
		};
		29504C921F5D411F00C61C28 /* JSON */ = {
			isa = PBXGroup;
			children = (
				29504C931F5D413400C61C28 /* emoticons.json */,
			);
			path = JSON;
			sourceTree = "<group>";
		};
		298ACA621F569FCB005D2DAC /* Assets */ = {
			isa = PBXGroup;
			children = (
				29A271721F6A62AC003D8C1E /* Images */,
				29504C921F5D411F00C61C28 /* JSON */,
			);
			path = Assets;
			sourceTree = "<group>";
		};
		298ACA631F569FF2005D2DAC /* ViewControllers */ = {
			isa = PBXGroup;
			children = (
				29B5F7F51F691C1700BDE23D /* Base */,
				298ACA881F56A170005D2DAC /* Contacts */,
				298ACA851F56A15F005D2DAC /* Discover */,
				2933F3D51F58F1900088A33C /* Feature */,
				298ACA681F56A01D005D2DAC /* Home */,
				298ACA701F56A069005D2DAC /* Navigation */,
				298ACAAC1F57AC24005D2DAC /* Plus */,
				298ACA801F56A145005D2DAC /* Profile */,
				298ACA8B1F56A1AC005D2DAC /* Settings */,
				298ACA6D1F56A052005D2DAC /* TabBar */,
				298ACAB51F57D5A6005D2DAC /* Welcome */,
			);
			path = ViewControllers;
			sourceTree = "<group>";
		};
		298ACA641F569FF8005D2DAC /* Views */ = {
			isa = PBXGroup;
			children = (
				29BDFFE41F70BFC400D4CBA8 /* Base */,
				CF2A06161F5A6593000E4E8B /* Cells */,
				29108A661F72081200A75DCE /* SwipeTableView */,
				298ACA9F1F57A2F2005D2DAC /* TabBar */,
				29B5F7EA1F68F90100BDE23D /* WeiboStatus */,
			);
			path = Views;
			sourceTree = "<group>";
		};
		298ACA651F569FFF005D2DAC /* Models */ = {
			isa = PBXGroup;
			children = (
				2933F3EF1F595F440088A33C /* WeiboModels.swift */,
			);
			path = Models;
			sourceTree = "<group>";
		};
		298ACA661F56A00B005D2DAC /* Helpers */ = {
			isa = PBXGroup;
			children = (
				2933F3F11F5BFC2E0088A33C /* Regex */,
				298ACA971F56C831005D2DAC /* Config.swift */,
				2952BF931F5E8B0400A309E5 /* MixTheme.swift */,
				298ACA991F56C831005D2DAC /* SafeDispatch.swift */,
				298ACA9A1F56C831005D2DAC /* WeiboProvider.swift */,
			);
			path = Helpers;
			sourceTree = "<group>";
		};
		298ACA671F56A012005D2DAC /* Services */ = {
			isa = PBXGroup;
			children = (
				2952BF951F5EB13D00A309E5 /* MixServices.swift */,
			);
			path = Services;
			sourceTree = "<group>";
		};
		298ACA681F56A01D005D2DAC /* Home */ = {
			isa = PBXGroup;
			children = (
				2972CA941F6A540600D05C9A /* Home.storyboard */,
				298ACA691F56A047005D2DAC /* HomeViewController.swift */,
			);
			path = Home;
			sourceTree = "<group>";
		};
		298ACA6D1F56A052005D2DAC /* TabBar */ = {
			isa = PBXGroup;
			children = (
				298ACA6E1F56A062005D2DAC /* TabBarController.swift */,
			);
			path = TabBar;
			sourceTree = "<group>";
		};
		298ACA701F56A069005D2DAC /* Navigation */ = {
			isa = PBXGroup;
			children = (
				298ACA711F56A07C005D2DAC /* NavigationController.swift */,
			);
			path = Navigation;
			sourceTree = "<group>";
		};
		298ACA801F56A145005D2DAC /* Profile */ = {
			isa = PBXGroup;
			children = (
				2972CA881F6A533F00D05C9A /* Profile.storyboard */,
				298ACA811F56A15D005D2DAC /* ProfileViewController.swift */,
			);
			path = Profile;
			sourceTree = "<group>";
		};
		298ACA851F56A15F005D2DAC /* Discover */ = {
			isa = PBXGroup;
			children = (
				2972CAA61F6A546500D05C9A /* Discover.storyboard */,
				298ACA861F56A16E005D2DAC /* DiscoverViewController.swift */,
			);
			path = Discover;
			sourceTree = "<group>";
		};
		298ACA881F56A170005D2DAC /* Contacts */ = {
			isa = PBXGroup;
			children = (
				298B55D91F712150006C8DAA /* BaseStatusesViewController.swift */,
				298B55D71F712069006C8DAA /* CommentsViewController.swift */,
				2972CAAD1F6A547100D05C9A /* Contacts.storyboard */,
				298ACA891F56A1AA005D2DAC /* ContactsViewController.swift */,
				298B55D51F712021006C8DAA /* StatusesViewController.swift */,
			);
			path = Contacts;
			sourceTree = "<group>";
		};
		298ACA8B1F56A1AC005D2DAC /* Settings */ = {
			isa = PBXGroup;
			children = (
				29B5F7F81F691F7900BDE23D /* AccountViewController.swift */,
				2933F3DC1F592F300088A33C /* SettingsViewController.swift */,
			);
			path = Settings;
			sourceTree = "<group>";
		};
		298ACA901F56C72E005D2DAC /* Extensions */ = {
			isa = PBXGroup;
			children = (
				2952BF8F1F5E7ED000A309E5 /* AttributedString+Theme.swift */,
				CF6F25A61F5844D700329CE7 /* Bundle+Mix.swift */,
				2947EF411F60E8B70077652C /* Date+Mix.swift */,
				29AB19E21F62A3E7008E503C /* RealmSwift+Mix.swift */,
				2951D1BD1F5FC3BE00D06EBA /* UICollectionview+Mix.swift */,
				2952BF911F5E820100A309E5 /* UIFont+Mix.swift */,
				29A271761F6A7EB7003D8C1E /* UIScreen+Mix.swift */,
				29B5F7ED1F69076400BDE23D /* UIStoryBoard+Mix.swift */,
				298ACA911F56C73D005D2DAC /* UITableView+Mix.swift */,
				2947EF431F6108860077652C /* WeiboTextAttributedString.swift */,
			);
			path = Extensions;
			sourceTree = "<group>";
		};
		298ACA9F1F57A2F2005D2DAC /* TabBar */ = {
			isa = PBXGroup;
			children = (
				298ACAA01F57A308005D2DAC /* TabBar.swift */,
				298ACAA11F57A308005D2DAC /* TabBarItem.swift */,
				2933F3D81F58F7660088A33C /* TabBarItemAnimateContentView.swift */,
				298ACAA21F57A308005D2DAC /* TabBarItemBadgeView.swift */,
				298ACAA31F57A308005D2DAC /* TabBarItemContainer.swift */,
				298ACAA41F57A308005D2DAC /* TabBarItemContentView.swift */,
				298ACAB31F57B328005D2DAC /* TabBarItemMoreContentView.swift */,
				298ACAB11F57B295005D2DAC /* TabBarItemPlusContentView.swift */,
			);
			path = TabBar;
			sourceTree = "<group>";
		};
		298ACAAC1F57AC24005D2DAC /* Plus */ = {
			isa = PBXGroup;
			children = (
				298ACAAD1F57AC37005D2DAC /* PlusViewController.swift */,
			);
			path = Plus;
			sourceTree = "<group>";
		};
		298ACAB51F57D5A6005D2DAC /* Welcome */ = {
			isa = PBXGroup;
			children = (
				298ACAB61F57D681005D2DAC /* WelcomeViewController.swift */,
			);
			path = Welcome;
			sourceTree = "<group>";
		};
		299906B61F75107D00D15B83 /* ViewModels */ = {
			isa = PBXGroup;
			children = (
				2921541B1F78ADAB00D80A8E /* Base */,
			);
			path = ViewModels;
			sourceTree = "<group>";
		};
		29A271721F6A62AC003D8C1E /* Images */ = {
			isa = PBXGroup;
			children = (
				29CB03B01F569C4D00CF33FF /* Assets.xcassets */,
				298ACAAF1F57ADFA005D2DAC /* Images.xcassets */,
			);
			path = Images;
			sourceTree = "<group>";
		};
		29B5F7EA1F68F90100BDE23D /* WeiboStatus */ = {
			isa = PBXGroup;
			children = (
				2983F78F1F6665670081BC6C /* StatusPhotoView.swift */,
				29B5F7E81F68E3E800BDE23D /* StatusTextLabel.swift */,
				CFB2EF1D1F6D3DC1007100A1 /* WeiboStatusLayout.swift */,
			);
			path = WeiboStatus;
			sourceTree = "<group>";
		};
		29B5F7F51F691C1700BDE23D /* Base */ = {
			isa = PBXGroup;
			children = (
				29B5F7F61F691C2C00BDE23D /* BaseViewController.swift */,
				29A271781F6A85AF003D8C1E /* CollectionViewController.swift */,
				29A2717A1F6A85DA003D8C1E /* TableViewController.swift */,
				292154221F78B01500D80A8E /* ViewControllerType.swift */,
				292154191F789BB900D80A8E /* WebViewController.swift */,
			);
			path = Base;
			sourceTree = "<group>";
		};
		29BDFFE41F70BFC400D4CBA8 /* Base */ = {
			isa = PBXGroup;
			children = (
				29BDFFE51F70BFF400D4CBA8 /* Label.swift */,
			);
			path = Base;
			sourceTree = "<group>";
		};
		29CB039D1F569C4D00CF33FF = {
			isa = PBXGroup;
			children = (
				2921542A1F7A054800D80A8E /* MixKit */,
				292154371F7A054800D80A8E /* MixKitTests */,
				048B1B1332F6C0454C1D1707 /* Frameworks */,
				29CB03A81F569C4D00CF33FF /* Mix */,
				29229B571F569D90007059A5 /* MixShare */,
				29229B6A1F569D9D007059A5 /* MixTests */,
				25F002201F7C50B637D36720 /* Pods */,
				29CB03A71F569C4D00CF33FF /* Products */,
			);
			sourceTree = "<group>";
		};
		29CB03A71F569C4D00CF33FF /* Products */ = {
			isa = PBXGroup;
			children = (
				29229B501F569D40007059A5 /* Mix.app */,
				29229B561F569D90007059A5 /* MixShare.appex */,
				29229B691F569D9D007059A5 /* MixTests.xctest */,
				292154291F7A054700D80A8E /* MixKit.framework */,
				292154311F7A054800D80A8E /* MixKitTests.xctest */,
			);
			name = Products;
			sourceTree = "<group>";
		};
		29CB03A81F569C4D00CF33FF /* Mix */ = {
			isa = PBXGroup;
			children = (
				298ACA621F569FCB005D2DAC /* Assets */,
				298ACA901F56C72E005D2DAC /* Extensions */,
				298ACA661F56A00B005D2DAC /* Helpers */,
				298ACA651F569FFF005D2DAC /* Models */,
				CF60C2811F56ED68004CCD5B /* Protocols */,
				298ACA671F56A012005D2DAC /* Services */,
				2933F3E41F5937610088A33C /* Shared */,
				29F77B111F6BA96800C59674 /* Theme */,
				298ACA631F569FF2005D2DAC /* ViewControllers */,
				299906B61F75107D00D15B83 /* ViewModels */,
				298ACA641F569FF8005D2DAC /* Views */,
				29CB03A91F569C4D00CF33FF /* AppDelegate.swift */,
				29CB03B51F569C4D00CF33FF /* Info.plist */,
				298ACA7A1F56A0D7005D2DAC /* InfoPlist.strings */,
				29CB03B21F569C4D00CF33FF /* LaunchScreen.storyboard */,
				298ACA7E1F56A0FB005D2DAC /* Localizable.strings */,
				2972CA9D1F6A542A00D05C9A /* Main.storyboard */,
				298ACA731F56A0AE005D2DAC /* Mix-Bridging-Header.h */,
				298ACABC1F57F030005D2DAC /* Mix.entitlements */,
			);
			path = Mix;
			sourceTree = "<group>";
		};
		29F77B111F6BA96800C59674 /* Theme */ = {
			isa = PBXGroup;
			children = (
				29F77B121F6BBA1300C59674 /* CALayer+MixTheme.swift */,
			);
			path = Theme;
			sourceTree = "<group>";
		};
		CF2A06161F5A6593000E4E8B /* Cells */ = {
			isa = PBXGroup;
			children = (
				29B5F7FB1F69209800BDE23D /* AccountTableViewCell.swift */,
				29108A641F72060100A75DCE /* BaseStatusesViewCell.swift */,
				CF2A06181F5A6607000E4E8B /* StatusCell.swift */,
			);
			path = Cells;
			sourceTree = "<group>";
		};
		CF60C2811F56ED68004CCD5B /* Protocols */ = {
			isa = PBXGroup;
			children = (
				CF60C2821F56ED7F004CCD5B /* Reusable.swift */,
			);
			path = Protocols;
			sourceTree = "<group>";
		};
/* End PBXGroup section */

/* Begin PBXHeadersBuildPhase section */
		292154261F7A054700D80A8E /* Headers */ = {
			isa = PBXHeadersBuildPhase;
			buildActionMask = 2147483647;
			files = (
				2921543B1F7A054800D80A8E /* MixKit.h in Headers */,
			);
			runOnlyForDeploymentPostprocessing = 0;
		};
/* End PBXHeadersBuildPhase section */

/* Begin PBXNativeTarget section */
		292154281F7A054700D80A8E /* MixKit */ = {
			isa = PBXNativeTarget;
			buildConfigurationList = 292154441F7A054800D80A8E /* Build configuration list for PBXNativeTarget "MixKit" */;
			buildPhases = (
				292154241F7A054700D80A8E /* Sources */,
				292154251F7A054700D80A8E /* Frameworks */,
				292154261F7A054700D80A8E /* Headers */,
				292154271F7A054700D80A8E /* Resources */,
			);
			buildRules = (
			);
			dependencies = (
			);
			name = MixKit;
			productName = MixKit;
			productReference = 292154291F7A054700D80A8E /* MixKit.framework */;
			productType = "com.apple.product-type.framework";
		};
		292154301F7A054800D80A8E /* MixKitTests */ = {
			isa = PBXNativeTarget;
			buildConfigurationList = 292154461F7A054800D80A8E /* Build configuration list for PBXNativeTarget "MixKitTests" */;
			buildPhases = (
				2921542D1F7A054800D80A8E /* Sources */,
				2921542E1F7A054800D80A8E /* Frameworks */,
				2921542F1F7A054800D80A8E /* Resources */,
			);
			buildRules = (
			);
			dependencies = (
				292154341F7A054800D80A8E /* PBXTargetDependency */,
				292154361F7A054800D80A8E /* PBXTargetDependency */,
			);
			name = MixKitTests;
			productName = MixKitTests;
			productReference = 292154311F7A054800D80A8E /* MixKitTests.xctest */;
			productType = "com.apple.product-type.bundle.unit-test";
		};
		29229B441F569D40007059A5 /* Mix */ = {
			isa = PBXNativeTarget;
			buildConfigurationList = 29229B4D1F569D40007059A5 /* Build configuration list for PBXNativeTarget "Mix" */;
			buildPhases = (
				C50FAC40206F5F9A8A4A599B /* [CP] Check Pods Manifest.lock */,
				29229B451F569D40007059A5 /* Sources */,
				29229B481F569D40007059A5 /* Frameworks */,
				29229B491F569D40007059A5 /* Resources */,
				29229B641F569D90007059A5 /* Embed App Extensions */,
				292154171F7650E800D80A8E /* Run Update Build Script */,
				BBF15A62FEDC4CDA90C5AC55 /* [CP] Embed Pods Frameworks */,
				9C5CDFBB2D5ECF6A088B689F /* [CP] Copy Pods Resources */,
				292154451F7A054800D80A8E /* Embed Frameworks */,
			);
			buildRules = (
			);
			dependencies = (
				29229B5F1F569D90007059A5 /* PBXTargetDependency */,
				2921543D1F7A054800D80A8E /* PBXTargetDependency */,
			);
			name = Mix;
			productName = Mix;
			productReference = 29229B501F569D40007059A5 /* Mix.app */;
			productType = "com.apple.product-type.application";
		};
		29229B551F569D90007059A5 /* MixShare */ = {
			isa = PBXNativeTarget;
			buildConfigurationList = 29229B611F569D90007059A5 /* Build configuration list for PBXNativeTarget "MixShare" */;
			buildPhases = (
				4DED06E7B8C4C0F89A019EB3 /* [CP] Check Pods Manifest.lock */,
				29229B521F569D90007059A5 /* Sources */,
				29229B531F569D90007059A5 /* Frameworks */,
				29229B541F569D90007059A5 /* Resources */,
				292154181F76514E00D80A8E /* Run Update Build Script */,
				48C7E035B32505B8143B207E /* [CP] Copy Pods Resources */,
			);
			buildRules = (
			);
			dependencies = (
			);
			name = MixShare;
			productName = MixShare;
			productReference = 29229B561F569D90007059A5 /* MixShare.appex */;
			productType = "com.apple.product-type.app-extension";
		};
		29229B681F569D9D007059A5 /* MixTests */ = {
			isa = PBXNativeTarget;
			buildConfigurationList = 29229B701F569D9E007059A5 /* Build configuration list for PBXNativeTarget "MixTests" */;
			buildPhases = (
				230437D47F3CA9B5ED6867F8 /* [CP] Check Pods Manifest.lock */,
				29229B651F569D9D007059A5 /* Sources */,
				29229B661F569D9D007059A5 /* Frameworks */,
				29229B671F569D9D007059A5 /* Resources */,
				5F01E055EB018BF0258C4240 /* [CP] Embed Pods Frameworks */,
				F094ECEAF48CE89808C16C55 /* [CP] Copy Pods Resources */,
			);
			buildRules = (
			);
			dependencies = (
				29229B6F1F569D9E007059A5 /* PBXTargetDependency */,
			);
			name = MixTests;
			productName = MixTests;
			productReference = 29229B691F569D9D007059A5 /* MixTests.xctest */;
			productType = "com.apple.product-type.bundle.unit-test";
		};
/* End PBXNativeTarget section */

/* Begin PBXProject section */
		29CB039E1F569C4D00CF33FF /* Project object */ = {
			isa = PBXProject;
			attributes = {
				LastSwiftUpdateCheck = 0900;
				LastUpgradeCheck = 0900;
				ORGANIZATIONNAME = "Maxsey Inc.";
				TargetAttributes = {
					292154281F7A054700D80A8E = {
						CreatedOnToolsVersion = 9.0;
						DevelopmentTeam = 2F3H7A9G57;
						ProvisioningStyle = Automatic;
					};
					292154301F7A054800D80A8E = {
						CreatedOnToolsVersion = 9.0;
						DevelopmentTeam = 2F3H7A9G57;
						ProvisioningStyle = Automatic;
						TestTargetID = 29229B441F569D40007059A5;
					};
					29229B441F569D40007059A5 = {
						DevelopmentTeam = 2F3H7A9G57;
						LastSwiftMigration = 0900;
						SystemCapabilities = {
							com.apple.ApplicationGroups.iOS = {
								enabled = 1;
							};
						};
					};
					29229B551F569D90007059A5 = {
						CreatedOnToolsVersion = 8.3.3;
						DevelopmentTeam = 2F3H7A9G57;
						LastSwiftMigration = 0900;
						ProvisioningStyle = Automatic;
					};
					29229B681F569D9D007059A5 = {
						CreatedOnToolsVersion = 8.3.3;
						DevelopmentTeam = 2F3H7A9G57;
						LastSwiftMigration = 0900;
						ProvisioningStyle = Automatic;
						TestTargetID = 29229B441F569D40007059A5;
					};
				};
			};
			buildConfigurationList = 29CB03A11F569C4D00CF33FF /* Build configuration list for PBXProject "Mix" */;
			compatibilityVersion = "Xcode 3.2";
			developmentRegion = English;
			hasScannedForEncodings = 0;
			knownRegions = (
				en,
				Base,
				"zh-Hans",
			);
			mainGroup = 29CB039D1F569C4D00CF33FF;
			productRefGroup = 29CB03A71F569C4D00CF33FF /* Products */;
			projectDirPath = "";
			projectRoot = "";
			targets = (
				29229B441F569D40007059A5 /* Mix */,
				29229B551F569D90007059A5 /* MixShare */,
				29229B681F569D9D007059A5 /* MixTests */,
				292154281F7A054700D80A8E /* MixKit */,
				292154301F7A054800D80A8E /* MixKitTests */,
			);
		};
/* End PBXProject section */

/* Begin PBXResourcesBuildPhase section */
		292154271F7A054700D80A8E /* Resources */ = {
			isa = PBXResourcesBuildPhase;
			buildActionMask = 2147483647;
			files = (
			);
			runOnlyForDeploymentPostprocessing = 0;
		};
		2921542F1F7A054800D80A8E /* Resources */ = {
			isa = PBXResourcesBuildPhase;
			buildActionMask = 2147483647;
			files = (
			);
			runOnlyForDeploymentPostprocessing = 0;
		};
		29229B491F569D40007059A5 /* Resources */ = {
			isa = PBXResourcesBuildPhase;
			buildActionMask = 2147483647;
			files = (
				298ACAB01F57ADFA005D2DAC /* Images.xcassets in Resources */,
				2972CA861F6A533F00D05C9A /* Profile.storyboard in Resources */,
				29504C941F5D413400C61C28 /* emoticons.json in Resources */,
				29229B4A1F569D40007059A5 /* LaunchScreen.storyboard in Resources */,
				2972CA921F6A540600D05C9A /* Home.storyboard in Resources */,
				2972CA9B1F6A542A00D05C9A /* Main.storyboard in Resources */,
				2972CAAB1F6A547100D05C9A /* Contacts.storyboard in Resources */,
				298ACA7C1F56A0FB005D2DAC /* Localizable.strings in Resources */,
				29229B4B1F569D40007059A5 /* Assets.xcassets in Resources */,
				2972CAA41F6A546500D05C9A /* Discover.storyboard in Resources */,
				298ACA781F56A0D7005D2DAC /* InfoPlist.strings in Resources */,
			);
			runOnlyForDeploymentPostprocessing = 0;
		};
		29229B541F569D90007059A5 /* Resources */ = {
			isa = PBXResourcesBuildPhase;
			buildActionMask = 2147483647;
			files = (
				29229B5C1F569D90007059A5 /* MainInterface.storyboard in Resources */,
			);
			runOnlyForDeploymentPostprocessing = 0;
		};
		29229B671F569D9D007059A5 /* Resources */ = {
			isa = PBXResourcesBuildPhase;
			buildActionMask = 2147483647;
			files = (
			);
			runOnlyForDeploymentPostprocessing = 0;
		};
/* End PBXResourcesBuildPhase section */

/* Begin PBXShellScriptBuildPhase section */
		230437D47F3CA9B5ED6867F8 /* [CP] Check Pods Manifest.lock */ = {
			isa = PBXShellScriptBuildPhase;
			buildActionMask = 2147483647;
			files = (
			);
			inputPaths = (
				"${PODS_PODFILE_DIR_PATH}/Podfile.lock",
				"${PODS_ROOT}/Manifest.lock",
			);
			name = "[CP] Check Pods Manifest.lock";
			outputPaths = (
				"$(DERIVED_FILE_DIR)/Pods-MixTests-checkManifestLockResult.txt",
			);
			runOnlyForDeploymentPostprocessing = 0;
			shellPath = /bin/sh;
			shellScript = "diff \"${PODS_PODFILE_DIR_PATH}/Podfile.lock\" \"${PODS_ROOT}/Manifest.lock\" > /dev/null\nif [ $? != 0 ] ; then\n    # print error to STDERR\n    echo \"error: The sandbox is not in sync with the Podfile.lock. Run 'pod install' or update your CocoaPods installation.\" >&2\n    exit 1\nfi\n# This output is used by Xcode 'outputs' to avoid re-running this script phase.\necho \"SUCCESS\" > \"${SCRIPT_OUTPUT_FILE_0}\"\n";
			showEnvVarsInLog = 0;
		};
		292154171F7650E800D80A8E /* Run Update Build Script */ = {
			isa = PBXShellScriptBuildPhase;
			buildActionMask = 2147483647;
			files = (
			);
			inputPaths = (
			);
			name = "Run Update Build Script";
			outputPaths = (
			);
			runOnlyForDeploymentPostprocessing = 0;
			shellPath = /bin/sh;
			shellScript = "if [ $CONFIGURATION == Release ]; then\necho \"Bumping build number...\"\nplist=${PROJECT_DIR}/${INFOPLIST_FILE}\n\n#increment the build number (ie 115 to 116)\nbuildnum=$(/usr/libexec/PlistBuddy -c \"Print CFBundleVersion\" \"${plist}\")\nif [[ \"${buildnum}\" == \"\" ]]; then\necho \"No build number in $plist\"\nexit 2\nfi\n\nbuildnum=$(expr $buildnum + 1)\n/usr/libexec/Plistbuddy -c \"Set CFBundleVersion $buildnum\" \"${plist}\"\necho \"Bumped build number to $buildnum\"\n\nelse\necho $CONFIGURATION \" build - Not bumping build number.\"\n\nfi";
		};
		292154181F76514E00D80A8E /* Run Update Build Script */ = {
			isa = PBXShellScriptBuildPhase;
			buildActionMask = 2147483647;
			files = (
			);
			inputPaths = (
			);
			name = "Run Update Build Script";
			outputPaths = (
			);
			runOnlyForDeploymentPostprocessing = 0;
			shellPath = /bin/sh;
			shellScript = "if [ $CONFIGURATION == Release ]; then\necho \"Bumping build number...\"\nplist=${PROJECT_DIR}/${INFOPLIST_FILE}\n\n#increment the build number (ie 115 to 116)\nbuildnum=$(/usr/libexec/PlistBuddy -c \"Print CFBundleVersion\" \"${plist}\")\nif [[ \"${buildnum}\" == \"\" ]]; then\necho \"No build number in $plist\"\nexit 2\nfi\n\nbuildnum=$(expr $buildnum + 1)\n/usr/libexec/Plistbuddy -c \"Set CFBundleVersion $buildnum\" \"${plist}\"\necho \"Bumped build number to $buildnum\"\n\nelse\necho $CONFIGURATION \" build - Not bumping build number.\"\n\nfi";
		};
		48C7E035B32505B8143B207E /* [CP] Copy Pods Resources */ = {
			isa = PBXShellScriptBuildPhase;
			buildActionMask = 2147483647;
			files = (
			);
			inputPaths = (
			);
			name = "[CP] Copy Pods Resources";
			outputPaths = (
			);
			runOnlyForDeploymentPostprocessing = 0;
			shellPath = /bin/sh;
			shellScript = "\"${SRCROOT}/Pods/Target Support Files/Pods-MixShare/Pods-MixShare-resources.sh\"\n";
			showEnvVarsInLog = 0;
		};
		4DED06E7B8C4C0F89A019EB3 /* [CP] Check Pods Manifest.lock */ = {
			isa = PBXShellScriptBuildPhase;
			buildActionMask = 2147483647;
			files = (
			);
			inputPaths = (
				"${PODS_PODFILE_DIR_PATH}/Podfile.lock",
				"${PODS_ROOT}/Manifest.lock",
			);
			name = "[CP] Check Pods Manifest.lock";
			outputPaths = (
				"$(DERIVED_FILE_DIR)/Pods-MixShare-checkManifestLockResult.txt",
			);
			runOnlyForDeploymentPostprocessing = 0;
			shellPath = /bin/sh;
			shellScript = "diff \"${PODS_PODFILE_DIR_PATH}/Podfile.lock\" \"${PODS_ROOT}/Manifest.lock\" > /dev/null\nif [ $? != 0 ] ; then\n    # print error to STDERR\n    echo \"error: The sandbox is not in sync with the Podfile.lock. Run 'pod install' or update your CocoaPods installation.\" >&2\n    exit 1\nfi\n# This output is used by Xcode 'outputs' to avoid re-running this script phase.\necho \"SUCCESS\" > \"${SCRIPT_OUTPUT_FILE_0}\"\n";
			showEnvVarsInLog = 0;
		};
		5F01E055EB018BF0258C4240 /* [CP] Embed Pods Frameworks */ = {
			isa = PBXShellScriptBuildPhase;
			buildActionMask = 2147483647;
			files = (
			);
			inputPaths = (
			);
			name = "[CP] Embed Pods Frameworks";
			outputPaths = (
			);
			runOnlyForDeploymentPostprocessing = 0;
			shellPath = /bin/sh;
			shellScript = "\"${SRCROOT}/Pods/Target Support Files/Pods-MixTests/Pods-MixTests-frameworks.sh\"\n";
			showEnvVarsInLog = 0;
		};
		9C5CDFBB2D5ECF6A088B689F /* [CP] Copy Pods Resources */ = {
			isa = PBXShellScriptBuildPhase;
			buildActionMask = 2147483647;
			files = (
			);
			inputPaths = (
				"${SRCROOT}/Pods/Target Support Files/Pods-Mix/Pods-Mix-resources.sh",
				"${PODS_ROOT}/../Source/WeiboSDK/WeiboSDK.bundle",
			);
			name = "[CP] Copy Pods Resources";
			outputPaths = (
				"${TARGET_BUILD_DIR}/${UNLOCALIZED_RESOURCES_FOLDER_PATH}",
			);
			runOnlyForDeploymentPostprocessing = 0;
			shellPath = /bin/sh;
			shellScript = "\"${SRCROOT}/Pods/Target Support Files/Pods-Mix/Pods-Mix-resources.sh\"\n";
			showEnvVarsInLog = 0;
		};
		BBF15A62FEDC4CDA90C5AC55 /* [CP] Embed Pods Frameworks */ = {
			isa = PBXShellScriptBuildPhase;
			buildActionMask = 2147483647;
			files = (
			);
			inputPaths = (
				"${SRCROOT}/Pods/Target Support Files/Pods-Mix/Pods-Mix-frameworks.sh",
				"${BUILT_PRODUCTS_DIR}/Alamofire/Alamofire.framework",
				"${BUILT_PRODUCTS_DIR}/Realm/Realm.framework",
				"${BUILT_PRODUCTS_DIR}/RealmSwift/RealmSwift.framework",
				"${BUILT_PRODUCTS_DIR}/Result/Result.framework",
				"${BUILT_PRODUCTS_DIR}/SnapKit/SnapKit.framework",
				"${BUILT_PRODUCTS_DIR}/SwiftTheme/SwiftTheme.framework",
				"${BUILT_PRODUCTS_DIR}/SwiftyJSON/SwiftyJSON.framework",
				"${BUILT_PRODUCTS_DIR}/SwiftyWeibo/SwiftyWeibo.framework",
				"${BUILT_PRODUCTS_DIR}/YYKit/YYKit.framework",
			);
			name = "[CP] Embed Pods Frameworks";
			outputPaths = (
				"${TARGET_BUILD_DIR}/${FRAMEWORKS_FOLDER_PATH}/Alamofire.framework",
				"${TARGET_BUILD_DIR}/${FRAMEWORKS_FOLDER_PATH}/Realm.framework",
				"${TARGET_BUILD_DIR}/${FRAMEWORKS_FOLDER_PATH}/RealmSwift.framework",
				"${TARGET_BUILD_DIR}/${FRAMEWORKS_FOLDER_PATH}/Result.framework",
				"${TARGET_BUILD_DIR}/${FRAMEWORKS_FOLDER_PATH}/SnapKit.framework",
				"${TARGET_BUILD_DIR}/${FRAMEWORKS_FOLDER_PATH}/SwiftTheme.framework",
				"${TARGET_BUILD_DIR}/${FRAMEWORKS_FOLDER_PATH}/SwiftyJSON.framework",
				"${TARGET_BUILD_DIR}/${FRAMEWORKS_FOLDER_PATH}/SwiftyWeibo.framework",
				"${TARGET_BUILD_DIR}/${FRAMEWORKS_FOLDER_PATH}/YYKit.framework",
			);
			runOnlyForDeploymentPostprocessing = 0;
			shellPath = /bin/sh;
			shellScript = "\"${SRCROOT}/Pods/Target Support Files/Pods-Mix/Pods-Mix-frameworks.sh\"\n";
			showEnvVarsInLog = 0;
		};
		C50FAC40206F5F9A8A4A599B /* [CP] Check Pods Manifest.lock */ = {
			isa = PBXShellScriptBuildPhase;
			buildActionMask = 2147483647;
			files = (
			);
			inputPaths = (
				"${PODS_PODFILE_DIR_PATH}/Podfile.lock",
				"${PODS_ROOT}/Manifest.lock",
			);
			name = "[CP] Check Pods Manifest.lock";
			outputPaths = (
				"$(DERIVED_FILE_DIR)/Pods-Mix-checkManifestLockResult.txt",
			);
			runOnlyForDeploymentPostprocessing = 0;
			shellPath = /bin/sh;
			shellScript = "diff \"${PODS_PODFILE_DIR_PATH}/Podfile.lock\" \"${PODS_ROOT}/Manifest.lock\" > /dev/null\nif [ $? != 0 ] ; then\n    # print error to STDERR\n    echo \"error: The sandbox is not in sync with the Podfile.lock. Run 'pod install' or update your CocoaPods installation.\" >&2\n    exit 1\nfi\n# This output is used by Xcode 'outputs' to avoid re-running this script phase.\necho \"SUCCESS\" > \"${SCRIPT_OUTPUT_FILE_0}\"\n";
			showEnvVarsInLog = 0;
		};
		F094ECEAF48CE89808C16C55 /* [CP] Copy Pods Resources */ = {
			isa = PBXShellScriptBuildPhase;
			buildActionMask = 2147483647;
			files = (
			);
			inputPaths = (
			);
			name = "[CP] Copy Pods Resources";
			outputPaths = (
			);
			runOnlyForDeploymentPostprocessing = 0;
			shellPath = /bin/sh;
			shellScript = "\"${SRCROOT}/Pods/Target Support Files/Pods-MixTests/Pods-MixTests-resources.sh\"\n";
			showEnvVarsInLog = 0;
		};
/* End PBXShellScriptBuildPhase section */

/* Begin PBXSourcesBuildPhase section */
		292154241F7A054700D80A8E /* Sources */ = {
			isa = PBXSourcesBuildPhase;
			buildActionMask = 2147483647;
			files = (
			);
			runOnlyForDeploymentPostprocessing = 0;
		};
		2921542D1F7A054800D80A8E /* Sources */ = {
			isa = PBXSourcesBuildPhase;
			buildActionMask = 2147483647;
			files = (
				292154391F7A054800D80A8E /* MixKitTests.swift in Sources */,
			);
			runOnlyForDeploymentPostprocessing = 0;
		};
		29229B451F569D40007059A5 /* Sources */ = {
			isa = PBXSourcesBuildPhase;
			buildActionMask = 2147483647;
			files = (
				29A271791F6A85B0003D8C1E /* CollectionViewController.swift in Sources */,
				298B55D61F712021006C8DAA /* StatusesViewController.swift in Sources */,
				298ACA831F56A15D005D2DAC /* ProfileViewController.swift in Sources */,
				298ACAB41F57B328005D2DAC /* TabBarItemMoreContentView.swift in Sources */,
				298ACAA81F57A308005D2DAC /* TabBarItemBadgeView.swift in Sources */,
				2921541F1F78AFA300D80A8E /* CollectionViewModel.swift in Sources */,
				29B5F7FC1F69209800BDE23D /* AccountTableViewCell.swift in Sources */,
				298ACA871F56A16E005D2DAC /* DiscoverViewController.swift in Sources */,
				29108A651F72060100A75DCE /* BaseStatusesViewCell.swift in Sources */,
				CF60C2841F56ED7F004CCD5B /* Reusable.swift in Sources */,
				2933F3FF1F5BFC400088A33C /* ThreadLocal.swift in Sources */,
				29AB19E31F62A3E7008E503C /* RealmSwift+Mix.swift in Sources */,
				2933F3FD1F5BFC400088A33C /* Regex.swift in Sources */,
				298ACAA61F57A308005D2DAC /* TabBar.swift in Sources */,
				2933F3E61F5937770088A33C /* Strings.swift in Sources */,
				29F77B131F6BBA1300C59674 /* CALayer+MixTheme.swift in Sources */,
				29B5F7EE1F69076400BDE23D /* UIStoryBoard+Mix.swift in Sources */,
				2952BF921F5E820100A309E5 /* UIFont+Mix.swift in Sources */,
				2933F3FA1F5BFC400088A33C /* MatchResult.swift in Sources */,
				298ACA6F1F56A062005D2DAC /* TabBarController.swift in Sources */,
				29108A6A1F721B6B00A75DCE /* SwipeTableHeaderView.swift in Sources */,
				2952BF901F5E7ED000A309E5 /* AttributedString+Theme.swift in Sources */,
				298ACA9B1F56C831005D2DAC /* Config.swift in Sources */,
				298ACA721F56A07C005D2DAC /* NavigationController.swift in Sources */,
				298ACAB71F57D681005D2DAC /* WelcomeViewController.swift in Sources */,
				298ACAB21F57B296005D2DAC /* TabBarItemPlusContentView.swift in Sources */,
				2933F3FC1F5BFC400088A33C /* Options.swift in Sources */,
				CFB2EF1E1F6D3DC1007100A1 /* WeiboStatusLayout.swift in Sources */,
				29108A681F72097A00A75DCE /* SwipeTableView.swift in Sources */,
				299906B81F75108E00D15B83 /* ViewModelType.swift in Sources */,
				298ACA8A1F56A1AA005D2DAC /* ContactsViewController.swift in Sources */,
				298ACAA71F57A308005D2DAC /* TabBarItem.swift in Sources */,
				2983F7901F6665670081BC6C /* StatusPhotoView.swift in Sources */,
				29A271771F6A7EB7003D8C1E /* UIScreen+Mix.swift in Sources */,
				2933F3F01F595F440088A33C /* WeiboModels.swift in Sources */,
				298ACA921F56C73D005D2DAC /* UITableView+Mix.swift in Sources */,
				29A2717B1F6A85DA003D8C1E /* TableViewController.swift in Sources */,
				29229B471F569D40007059A5 /* AppDelegate.swift in Sources */,
				298B55DA1F712150006C8DAA /* BaseStatusesViewController.swift in Sources */,
				298ACA6B1F56A047005D2DAC /* HomeViewController.swift in Sources */,
				298ACAAE1F57AC37005D2DAC /* PlusViewController.swift in Sources */,
				29108A6C1F72617200A75DCE /* STCollectionView.swift in Sources */,
				298ACA9D1F56C831005D2DAC /* SafeDispatch.swift in Sources */,
				29B5F7F71F691C2C00BDE23D /* BaseViewController.swift in Sources */,
				29B5F7F91F691F7900BDE23D /* AccountViewController.swift in Sources */,
				2933F3F91F5BFC400088A33C /* Foundation+Ranges.swift in Sources */,
				2951D1BE1F5FC3BE00D06EBA /* UICollectionview+Mix.swift in Sources */,
				292154231F78B01500D80A8E /* ViewControllerType.swift in Sources */,
				2933F3FE1F5BFC400088A33C /* String+ReplaceMatching.swift in Sources */,
				2947EF421F60E8B70077652C /* Date+Mix.swift in Sources */,
				CF6F25A71F5844D700329CE7 /* Bundle+Mix.swift in Sources */,
				298ACAA91F57A308005D2DAC /* TabBarItemContainer.swift in Sources */,
				CF2A06191F5A6607000E4E8B /* StatusCell.swift in Sources */,
				2947EF441F6108860077652C /* WeiboTextAttributedString.swift in Sources */,
				292154211F78AFE700D80A8E /* BaseViewModel.swift in Sources */,
				298ACAAA1F57A308005D2DAC /* TabBarItemContentView.swift in Sources */,
				2952BF941F5E8B0400A309E5 /* MixTheme.swift in Sources */,
				298B55D81F712069006C8DAA /* CommentsViewController.swift in Sources */,
				2933F3FB1F5BFC400088A33C /* Memo.swift in Sources */,
				2921541D1F78ADC400D80A8E /* TableViewModel.swift in Sources */,
				2952BF961F5EB13D00A309E5 /* MixServices.swift in Sources */,
				29B5F7E91F68E3E800BDE23D /* StatusTextLabel.swift in Sources */,
				2933F3D91F58F7660088A33C /* TabBarItemAnimateContentView.swift in Sources */,
				298ACA9E1F56C831005D2DAC /* WeiboProvider.swift in Sources */,
				2933F3D71F58F2040088A33C /* FeatureViewController.swift in Sources */,
				29BDFFE61F70BFF400D4CBA8 /* Label.swift in Sources */,
				2921541A1F789BB900D80A8E /* WebViewController.swift in Sources */,
				2933F3DE1F592F300088A33C /* SettingsViewController.swift in Sources */,
			);
			runOnlyForDeploymentPostprocessing = 0;
		};
		29229B521F569D90007059A5 /* Sources */ = {
			isa = PBXSourcesBuildPhase;
			buildActionMask = 2147483647;
			files = (
				29229B591F569D90007059A5 /* ShareViewController.swift in Sources */,
			);
			runOnlyForDeploymentPostprocessing = 0;
		};
		29229B651F569D9D007059A5 /* Sources */ = {
			isa = PBXSourcesBuildPhase;
			buildActionMask = 2147483647;
			files = (
				29229B6C1F569D9D007059A5 /* MixTests.swift in Sources */,
			);
			runOnlyForDeploymentPostprocessing = 0;
		};
/* End PBXSourcesBuildPhase section */

/* Begin PBXTargetDependency section */
		292154341F7A054800D80A8E /* PBXTargetDependency */ = {
			isa = PBXTargetDependency;
			target = 292154281F7A054700D80A8E /* MixKit */;
			targetProxy = 292154331F7A054800D80A8E /* PBXContainerItemProxy */;
		};
		292154361F7A054800D80A8E /* PBXTargetDependency */ = {
			isa = PBXTargetDependency;
			target = 29229B441F569D40007059A5 /* Mix */;
			targetProxy = 292154351F7A054800D80A8E /* PBXContainerItemProxy */;
		};
		2921543D1F7A054800D80A8E /* PBXTargetDependency */ = {
			isa = PBXTargetDependency;
			target = 292154281F7A054700D80A8E /* MixKit */;
			targetProxy = 2921543C1F7A054800D80A8E /* PBXContainerItemProxy */;
		};
		29229B5F1F569D90007059A5 /* PBXTargetDependency */ = {
			isa = PBXTargetDependency;
			target = 29229B551F569D90007059A5 /* MixShare */;
			targetProxy = 29229B5E1F569D90007059A5 /* PBXContainerItemProxy */;
		};
		29229B6F1F569D9E007059A5 /* PBXTargetDependency */ = {
			isa = PBXTargetDependency;
			target = 29229B441F569D40007059A5 /* Mix */;
			targetProxy = 29229B6E1F569D9E007059A5 /* PBXContainerItemProxy */;
		};
/* End PBXTargetDependency section */

/* Begin PBXVariantGroup section */
		29229B5A1F569D90007059A5 /* MainInterface.storyboard */ = {
			isa = PBXVariantGroup;
			children = (
				29229B5B1F569D90007059A5 /* Base */,
				2972CAB31F6A54BA00D05C9A /* zh-Hans */,
			);
			name = MainInterface.storyboard;
			path = .;
			sourceTree = "<group>";
		};
		2972CA881F6A533F00D05C9A /* Profile.storyboard */ = {
			isa = PBXVariantGroup;
			children = (
				2972CA871F6A533F00D05C9A /* Base */,
				298B55D41F7113E0006C8DAA /* zh-Hans */,
			);
			name = Profile.storyboard;
			path = .;
			sourceTree = "<group>";
		};
		2972CA941F6A540600D05C9A /* Home.storyboard */ = {
			isa = PBXVariantGroup;
			children = (
				2972CA931F6A540600D05C9A /* Base */,
			);
			name = Home.storyboard;
			path = .;
			sourceTree = "<group>";
		};
		2972CA9D1F6A542A00D05C9A /* Main.storyboard */ = {
			isa = PBXVariantGroup;
			children = (
				2972CA9C1F6A542A00D05C9A /* Base */,
			);
			name = Main.storyboard;
			path = .;
			sourceTree = "<group>";
		};
		2972CAA61F6A546500D05C9A /* Discover.storyboard */ = {
			isa = PBXVariantGroup;
			children = (
				2972CAA51F6A546500D05C9A /* Base */,
			);
			name = Discover.storyboard;
			path = .;
			sourceTree = "<group>";
		};
		2972CAAD1F6A547100D05C9A /* Contacts.storyboard */ = {
			isa = PBXVariantGroup;
			children = (
				2972CAAC1F6A547100D05C9A /* Base */,
			);
			name = Contacts.storyboard;
			path = .;
			sourceTree = "<group>";
		};
		298ACA7A1F56A0D7005D2DAC /* InfoPlist.strings */ = {
			isa = PBXVariantGroup;
			children = (
				298ACA791F56A0D7005D2DAC /* Base */,
				298ACA7B1F56A0F4005D2DAC /* zh-Hans */,
			);
			name = InfoPlist.strings;
			path = .;
			sourceTree = "<group>";
		};
		298ACA7E1F56A0FB005D2DAC /* Localizable.strings */ = {
			isa = PBXVariantGroup;
			children = (
				298ACA7F1F56A0FF005D2DAC /* Base */,
				298ACA7D1F56A0FB005D2DAC /* zh-Hans */,
			);
			name = Localizable.strings;
			path = .;
			sourceTree = "<group>";
		};
		29CB03B21F569C4D00CF33FF /* LaunchScreen.storyboard */ = {
			isa = PBXVariantGroup;
			children = (
				29CB03B31F569C4D00CF33FF /* Base */,
			);
			name = LaunchScreen.storyboard;
			path = .;
			sourceTree = "<group>";
		};
/* End PBXVariantGroup section */

/* Begin XCBuildConfiguration section */
		292154401F7A054800D80A8E /* Debug */ = {
			isa = XCBuildConfiguration;
			buildSettings = {
				CLANG_CXX_LANGUAGE_STANDARD = "gnu++14";
				CLANG_WARN_UNGUARDED_AVAILABILITY = YES_AGGRESSIVE;
				CODE_SIGN_IDENTITY = "iPhone Developer";
				CODE_SIGN_STYLE = Automatic;
				CURRENT_PROJECT_VERSION = 1;
				DEFINES_MODULE = YES;
				DEVELOPMENT_TEAM = 2F3H7A9G57;
				DYLIB_COMPATIBILITY_VERSION = 1;
				DYLIB_CURRENT_VERSION = 1;
				DYLIB_INSTALL_NAME_BASE = "@rpath";
				GCC_C_LANGUAGE_STANDARD = gnu11;
				INFOPLIST_FILE = MixKit/Info.plist;
				INSTALL_PATH = "$(LOCAL_LIBRARY_DIR)/Frameworks";
				IPHONEOS_DEPLOYMENT_TARGET = 11.0;
				LD_RUNPATH_SEARCH_PATHS = "$(inherited) @executable_path/Frameworks @loader_path/Frameworks";
				PRODUCT_BUNDLE_IDENTIFIER = com.Maxsey.MixKit;
				PRODUCT_NAME = "$(TARGET_NAME:c99extidentifier)";
				SKIP_INSTALL = YES;
				SWIFT_VERSION = 4.0;
				TARGETED_DEVICE_FAMILY = "1,2";
				VERSIONING_SYSTEM = "apple-generic";
				VERSION_INFO_PREFIX = "";
			};
			name = Debug;
		};
		292154411F7A054800D80A8E /* Release */ = {
			isa = XCBuildConfiguration;
			buildSettings = {
				CLANG_CXX_LANGUAGE_STANDARD = "gnu++14";
				CLANG_WARN_UNGUARDED_AVAILABILITY = YES_AGGRESSIVE;
				CODE_SIGN_IDENTITY = "iPhone Developer";
				CODE_SIGN_STYLE = Automatic;
				CURRENT_PROJECT_VERSION = 1;
				DEFINES_MODULE = YES;
				DEVELOPMENT_TEAM = 2F3H7A9G57;
				DYLIB_COMPATIBILITY_VERSION = 1;
				DYLIB_CURRENT_VERSION = 1;
				DYLIB_INSTALL_NAME_BASE = "@rpath";
				GCC_C_LANGUAGE_STANDARD = gnu11;
				INFOPLIST_FILE = MixKit/Info.plist;
				INSTALL_PATH = "$(LOCAL_LIBRARY_DIR)/Frameworks";
				IPHONEOS_DEPLOYMENT_TARGET = 11.0;
				LD_RUNPATH_SEARCH_PATHS = "$(inherited) @executable_path/Frameworks @loader_path/Frameworks";
				PRODUCT_BUNDLE_IDENTIFIER = com.Maxsey.MixKit;
				PRODUCT_NAME = "$(TARGET_NAME:c99extidentifier)";
				SKIP_INSTALL = YES;
				SWIFT_VERSION = 4.0;
				TARGETED_DEVICE_FAMILY = "1,2";
				VERSIONING_SYSTEM = "apple-generic";
				VERSION_INFO_PREFIX = "";
			};
			name = Release;
		};
		292154421F7A054800D80A8E /* Debug */ = {
			isa = XCBuildConfiguration;
			buildSettings = {
				ALWAYS_EMBED_SWIFT_STANDARD_LIBRARIES = YES;
				CLANG_CXX_LANGUAGE_STANDARD = "gnu++14";
				CLANG_WARN_UNGUARDED_AVAILABILITY = YES_AGGRESSIVE;
				CODE_SIGN_IDENTITY = "iPhone Developer";
				CODE_SIGN_STYLE = Automatic;
				DEVELOPMENT_TEAM = 2F3H7A9G57;
				GCC_C_LANGUAGE_STANDARD = gnu11;
				INFOPLIST_FILE = MixKitTests/Info.plist;
				IPHONEOS_DEPLOYMENT_TARGET = 11.0;
				LD_RUNPATH_SEARCH_PATHS = "$(inherited) @executable_path/Frameworks @loader_path/Frameworks";
				PRODUCT_BUNDLE_IDENTIFIER = com.Maxsey.MixKitTests;
				PRODUCT_NAME = "$(TARGET_NAME)";
				SWIFT_VERSION = 4.0;
				TARGETED_DEVICE_FAMILY = "1,2";
				TEST_HOST = "$(BUILT_PRODUCTS_DIR)/Mix.app/Mix";
			};
			name = Debug;
		};
		292154431F7A054800D80A8E /* Release */ = {
			isa = XCBuildConfiguration;
			buildSettings = {
				ALWAYS_EMBED_SWIFT_STANDARD_LIBRARIES = YES;
				CLANG_CXX_LANGUAGE_STANDARD = "gnu++14";
				CLANG_WARN_UNGUARDED_AVAILABILITY = YES_AGGRESSIVE;
				CODE_SIGN_IDENTITY = "iPhone Developer";
				CODE_SIGN_STYLE = Automatic;
				DEVELOPMENT_TEAM = 2F3H7A9G57;
				GCC_C_LANGUAGE_STANDARD = gnu11;
				INFOPLIST_FILE = MixKitTests/Info.plist;
				IPHONEOS_DEPLOYMENT_TARGET = 11.0;
				LD_RUNPATH_SEARCH_PATHS = "$(inherited) @executable_path/Frameworks @loader_path/Frameworks";
				PRODUCT_BUNDLE_IDENTIFIER = com.Maxsey.MixKitTests;
				PRODUCT_NAME = "$(TARGET_NAME)";
				SWIFT_VERSION = 4.0;
				TARGETED_DEVICE_FAMILY = "1,2";
				TEST_HOST = "$(BUILT_PRODUCTS_DIR)/Mix.app/Mix";
			};
			name = Release;
		};
		29229B4E1F569D40007059A5 /* Debug */ = {
			isa = XCBuildConfiguration;
			baseConfigurationReference = B466D9BFADA227AFF1F9AACE /* Pods-Mix.debug.xcconfig */;
			buildSettings = {
				ALWAYS_EMBED_SWIFT_STANDARD_LIBRARIES = "$(inherited)";
				ASSETCATALOG_COMPILER_APPICON_NAME = AppIcon;
				CODE_SIGN_ENTITLEMENTS = Mix/Mix.entitlements;
				CODE_SIGN_IDENTITY = "iPhone Developer";
				DEVELOPMENT_TEAM = 2F3H7A9G57;
				INFOPLIST_FILE = Mix/Info.plist;
				IPHONEOS_DEPLOYMENT_TARGET = 9.0;
				LD_RUNPATH_SEARCH_PATHS = "$(inherited) @executable_path/Frameworks";
				MACH_O_TYPE = mh_execute;
				PRODUCT_BUNDLE_IDENTIFIER = com.maxsey.Mix;
				PRODUCT_NAME = "$(TARGET_NAME)";
				SWIFT_OBJC_BRIDGING_HEADER = "Mix/Mix-Bridging-Header.h";
				SWIFT_SWIFT3_OBJC_INFERENCE = Default;
				SWIFT_VERSION = 4.0;
			};
			name = Debug;
		};
		29229B4F1F569D40007059A5 /* Release */ = {
			isa = XCBuildConfiguration;
			baseConfigurationReference = 2B24E7A2901B54986ADA792B /* Pods-Mix.release.xcconfig */;
			buildSettings = {
				ALWAYS_EMBED_SWIFT_STANDARD_LIBRARIES = "$(inherited)";
				ASSETCATALOG_COMPILER_APPICON_NAME = AppIcon;
				CODE_SIGN_ENTITLEMENTS = Mix/Mix.entitlements;
				CODE_SIGN_IDENTITY = "iPhone Developer";
				DEVELOPMENT_TEAM = 2F3H7A9G57;
				INFOPLIST_FILE = Mix/Info.plist;
				IPHONEOS_DEPLOYMENT_TARGET = 9.0;
				LD_RUNPATH_SEARCH_PATHS = "$(inherited) @executable_path/Frameworks";
				MACH_O_TYPE = mh_execute;
				PRODUCT_BUNDLE_IDENTIFIER = com.maxsey.Mix;
				PRODUCT_NAME = "$(TARGET_NAME)";
				SWIFT_OBJC_BRIDGING_HEADER = "Mix/Mix-Bridging-Header.h";
				SWIFT_SWIFT3_OBJC_INFERENCE = Default;
				SWIFT_VERSION = 4.0;
			};
			name = Release;
		};
		29229B621F569D90007059A5 /* Debug */ = {
			isa = XCBuildConfiguration;
			baseConfigurationReference = B9A7E1F808238FC1FE96E5C9 /* Pods-MixShare.debug.xcconfig */;
			buildSettings = {
				DEVELOPMENT_TEAM = 2F3H7A9G57;
				INFOPLIST_FILE = MixShare/Info.plist;
				LD_RUNPATH_SEARCH_PATHS = "$(inherited) @executable_path/Frameworks @executable_path/../../Frameworks";
				PRODUCT_BUNDLE_IDENTIFIER = com.maxsey.Mix.MixShare;
				PRODUCT_NAME = "$(TARGET_NAME)";
				SKIP_INSTALL = YES;
				SWIFT_VERSION = 4.0;
			};
			name = Debug;
		};
		29229B631F569D90007059A5 /* Release */ = {
			isa = XCBuildConfiguration;
			baseConfigurationReference = 15AB0816F764CD8089C100EA /* Pods-MixShare.release.xcconfig */;
			buildSettings = {
				DEVELOPMENT_TEAM = 2F3H7A9G57;
				INFOPLIST_FILE = MixShare/Info.plist;
				LD_RUNPATH_SEARCH_PATHS = "$(inherited) @executable_path/Frameworks @executable_path/../../Frameworks";
				PRODUCT_BUNDLE_IDENTIFIER = com.maxsey.Mix.MixShare;
				PRODUCT_NAME = "$(TARGET_NAME)";
				SKIP_INSTALL = YES;
				SWIFT_VERSION = 4.0;
			};
			name = Release;
		};
		29229B711F569D9E007059A5 /* Debug */ = {
			isa = XCBuildConfiguration;
			baseConfigurationReference = E5063885D84365985433CF9A /* Pods-MixTests.debug.xcconfig */;
			buildSettings = {
				BUNDLE_LOADER = "$(TEST_HOST)";
				DEVELOPMENT_TEAM = 2F3H7A9G57;
				INFOPLIST_FILE = MixTests/Info.plist;
				LD_RUNPATH_SEARCH_PATHS = "$(inherited) @executable_path/Frameworks @loader_path/Frameworks";
				PRODUCT_BUNDLE_IDENTIFIER = com.Maxsey.MixTests;
				PRODUCT_NAME = "$(TARGET_NAME)";
				SWIFT_VERSION = 4.0;
				TEST_HOST = "$(BUILT_PRODUCTS_DIR)/Mix.app/Mix";
			};
			name = Debug;
		};
		29229B721F569D9E007059A5 /* Release */ = {
			isa = XCBuildConfiguration;
			baseConfigurationReference = 88D12AAA5A05464EC181D1A0 /* Pods-MixTests.release.xcconfig */;
			buildSettings = {
				BUNDLE_LOADER = "$(TEST_HOST)";
				DEVELOPMENT_TEAM = 2F3H7A9G57;
				INFOPLIST_FILE = MixTests/Info.plist;
				LD_RUNPATH_SEARCH_PATHS = "$(inherited) @executable_path/Frameworks @loader_path/Frameworks";
				PRODUCT_BUNDLE_IDENTIFIER = com.Maxsey.MixTests;
				PRODUCT_NAME = "$(TARGET_NAME)";
				SWIFT_VERSION = 4.0;
				TEST_HOST = "$(BUILT_PRODUCTS_DIR)/Mix.app/Mix";
			};
			name = Release;
		};
		29CB03C11F569C4D00CF33FF /* Debug */ = {
			isa = XCBuildConfiguration;
			buildSettings = {
				ALWAYS_SEARCH_USER_PATHS = NO;
				CLANG_ANALYZER_LOCALIZABILITY_NONLOCALIZED = YES;
				CLANG_ANALYZER_NONNULL = YES;
				CLANG_ANALYZER_NUMBER_OBJECT_CONVERSION = YES_AGGRESSIVE;
				CLANG_CXX_LANGUAGE_STANDARD = "gnu++0x";
				CLANG_CXX_LIBRARY = "libc++";
				CLANG_ENABLE_MODULES = YES;
				CLANG_ENABLE_OBJC_ARC = YES;
				CLANG_WARN_BLOCK_CAPTURE_AUTORELEASING = YES;
				CLANG_WARN_BOOL_CONVERSION = YES;
				CLANG_WARN_COMMA = YES;
				CLANG_WARN_CONSTANT_CONVERSION = YES;
				CLANG_WARN_DIRECT_OBJC_ISA_USAGE = YES_ERROR;
				CLANG_WARN_DOCUMENTATION_COMMENTS = YES;
				CLANG_WARN_EMPTY_BODY = YES;
				CLANG_WARN_ENUM_CONVERSION = YES;
				CLANG_WARN_INFINITE_RECURSION = YES;
				CLANG_WARN_INT_CONVERSION = YES;
				CLANG_WARN_NON_LITERAL_NULL_CONVERSION = YES;
				CLANG_WARN_OBJC_LITERAL_CONVERSION = YES;
				CLANG_WARN_OBJC_ROOT_CLASS = YES_ERROR;
				CLANG_WARN_RANGE_LOOP_ANALYSIS = YES;
				CLANG_WARN_STRICT_PROTOTYPES = YES;
				CLANG_WARN_SUSPICIOUS_MOVE = YES;
				CLANG_WARN_UNREACHABLE_CODE = YES;
				CLANG_WARN__DUPLICATE_METHOD_MATCH = YES;
				"CODE_SIGN_IDENTITY[sdk=iphoneos*]" = "iPhone Developer";
				COPY_PHASE_STRIP = NO;
				DEBUG_INFORMATION_FORMAT = dwarf;
				ENABLE_STRICT_OBJC_MSGSEND = YES;
				ENABLE_TESTABILITY = YES;
				GCC_C_LANGUAGE_STANDARD = gnu99;
				GCC_DYNAMIC_NO_PIC = NO;
				GCC_NO_COMMON_BLOCKS = YES;
				GCC_OPTIMIZATION_LEVEL = 0;
				GCC_PREPROCESSOR_DEFINITIONS = (
					"DEBUG=1",
					"$(inherited)",
				);
				GCC_WARN_64_TO_32_BIT_CONVERSION = YES;
				GCC_WARN_ABOUT_RETURN_TYPE = YES_ERROR;
				GCC_WARN_UNDECLARED_SELECTOR = YES;
				GCC_WARN_UNINITIALIZED_AUTOS = YES_AGGRESSIVE;
				GCC_WARN_UNUSED_FUNCTION = YES;
				GCC_WARN_UNUSED_VARIABLE = YES;
				IPHONEOS_DEPLOYMENT_TARGET = 9.0;
				MTL_ENABLE_DEBUG_INFO = YES;
				ONLY_ACTIVE_ARCH = YES;
				SDKROOT = iphoneos;
				SWIFT_ACTIVE_COMPILATION_CONDITIONS = DEBUG;
				SWIFT_OPTIMIZATION_LEVEL = "-Onone";
				TARGETED_DEVICE_FAMILY = "1,2";
			};
			name = Debug;
		};
		29CB03C21F569C4D00CF33FF /* Release */ = {
			isa = XCBuildConfiguration;
			buildSettings = {
				ALWAYS_SEARCH_USER_PATHS = NO;
				CLANG_ANALYZER_LOCALIZABILITY_NONLOCALIZED = YES;
				CLANG_ANALYZER_NONNULL = YES;
				CLANG_ANALYZER_NUMBER_OBJECT_CONVERSION = YES_AGGRESSIVE;
				CLANG_CXX_LANGUAGE_STANDARD = "gnu++0x";
				CLANG_CXX_LIBRARY = "libc++";
				CLANG_ENABLE_MODULES = YES;
				CLANG_ENABLE_OBJC_ARC = YES;
				CLANG_WARN_BLOCK_CAPTURE_AUTORELEASING = YES;
				CLANG_WARN_BOOL_CONVERSION = YES;
				CLANG_WARN_COMMA = YES;
				CLANG_WARN_CONSTANT_CONVERSION = YES;
				CLANG_WARN_DIRECT_OBJC_ISA_USAGE = YES_ERROR;
				CLANG_WARN_DOCUMENTATION_COMMENTS = YES;
				CLANG_WARN_EMPTY_BODY = YES;
				CLANG_WARN_ENUM_CONVERSION = YES;
				CLANG_WARN_INFINITE_RECURSION = YES;
				CLANG_WARN_INT_CONVERSION = YES;
				CLANG_WARN_NON_LITERAL_NULL_CONVERSION = YES;
				CLANG_WARN_OBJC_LITERAL_CONVERSION = YES;
				CLANG_WARN_OBJC_ROOT_CLASS = YES_ERROR;
				CLANG_WARN_RANGE_LOOP_ANALYSIS = YES;
				CLANG_WARN_STRICT_PROTOTYPES = YES;
				CLANG_WARN_SUSPICIOUS_MOVE = YES;
				CLANG_WARN_UNREACHABLE_CODE = YES;
				CLANG_WARN__DUPLICATE_METHOD_MATCH = YES;
				"CODE_SIGN_IDENTITY[sdk=iphoneos*]" = "iPhone Developer";
				COPY_PHASE_STRIP = NO;
				DEBUG_INFORMATION_FORMAT = "dwarf-with-dsym";
				ENABLE_NS_ASSERTIONS = NO;
				ENABLE_STRICT_OBJC_MSGSEND = YES;
				GCC_C_LANGUAGE_STANDARD = gnu99;
				GCC_NO_COMMON_BLOCKS = YES;
				GCC_WARN_64_TO_32_BIT_CONVERSION = YES;
				GCC_WARN_ABOUT_RETURN_TYPE = YES_ERROR;
				GCC_WARN_UNDECLARED_SELECTOR = YES;
				GCC_WARN_UNINITIALIZED_AUTOS = YES_AGGRESSIVE;
				GCC_WARN_UNUSED_FUNCTION = YES;
				GCC_WARN_UNUSED_VARIABLE = YES;
				IPHONEOS_DEPLOYMENT_TARGET = 9.0;
				MTL_ENABLE_DEBUG_INFO = NO;
				SDKROOT = iphoneos;
				SWIFT_OPTIMIZATION_LEVEL = "-Owholemodule";
				TARGETED_DEVICE_FAMILY = "1,2";
				VALIDATE_PRODUCT = YES;
			};
			name = Release;
		};
/* End XCBuildConfiguration section */

/* Begin XCConfigurationList section */
		292154441F7A054800D80A8E /* Build configuration list for PBXNativeTarget "MixKit" */ = {
			isa = XCConfigurationList;
			buildConfigurations = (
				292154401F7A054800D80A8E /* Debug */,
				292154411F7A054800D80A8E /* Release */,
			);
			defaultConfigurationIsVisible = 0;
			defaultConfigurationName = Release;
		};
		292154461F7A054800D80A8E /* Build configuration list for PBXNativeTarget "MixKitTests" */ = {
			isa = XCConfigurationList;
			buildConfigurations = (
				292154421F7A054800D80A8E /* Debug */,
				292154431F7A054800D80A8E /* Release */,
			);
			defaultConfigurationIsVisible = 0;
			defaultConfigurationName = Release;
		};
		29229B4D1F569D40007059A5 /* Build configuration list for PBXNativeTarget "Mix" */ = {
			isa = XCConfigurationList;
			buildConfigurations = (
				29229B4E1F569D40007059A5 /* Debug */,
				29229B4F1F569D40007059A5 /* Release */,
			);
			defaultConfigurationIsVisible = 0;
			defaultConfigurationName = Release;
		};
		29229B611F569D90007059A5 /* Build configuration list for PBXNativeTarget "MixShare" */ = {
			isa = XCConfigurationList;
			buildConfigurations = (
				29229B621F569D90007059A5 /* Debug */,
				29229B631F569D90007059A5 /* Release */,
			);
			defaultConfigurationIsVisible = 0;
			defaultConfigurationName = Release;
		};
		29229B701F569D9E007059A5 /* Build configuration list for PBXNativeTarget "MixTests" */ = {
			isa = XCConfigurationList;
			buildConfigurations = (
				29229B711F569D9E007059A5 /* Debug */,
				29229B721F569D9E007059A5 /* Release */,
			);
			defaultConfigurationIsVisible = 0;
			defaultConfigurationName = Release;
		};
		29CB03A11F569C4D00CF33FF /* Build configuration list for PBXProject "Mix" */ = {
			isa = XCConfigurationList;
			buildConfigurations = (
				29CB03C11F569C4D00CF33FF /* Debug */,
				29CB03C21F569C4D00CF33FF /* Release */,
			);
			defaultConfigurationIsVisible = 0;
			defaultConfigurationName = Release;
		};
/* End XCConfigurationList section */
	};
	rootObject = 29CB039E1F569C4D00CF33FF /* Project object */;
}
